// !$*UTF8*$!
{
	archiveVersion = 1;
	classes = {
	};
	objectVersion = 48;
	objects = {

/* Begin PBXBuildFile section */
		BB28E8D621A7B232005FAFC8 /* CFData.c in Sources */ = {isa = PBXBuildFile; fileRef = BB28E82F21A7B22C005FAFC8 /* CFData.c */; };
		BB28E8D721A7B232005FAFC8 /* CFBundle_Strings.c in Sources */ = {isa = PBXBuildFile; fileRef = BB28E83021A7B22C005FAFC8 /* CFBundle_Strings.c */; };
		BB28E8D821A7B232005FAFC8 /* CFArray.c in Sources */ = {isa = PBXBuildFile; fileRef = BB28E83221A7B22C005FAFC8 /* CFArray.c */; };
		BB28E8D921A7B232005FAFC8 /* CFTree.c in Sources */ = {isa = PBXBuildFile; fileRef = BB28E83421A7B22C005FAFC8 /* CFTree.c */; };
		BB28E8DA21A7B232005FAFC8 /* CFURLAccess.c in Sources */ = {isa = PBXBuildFile; fileRef = BB28E83721A7B22C005FAFC8 /* CFURLAccess.c */; };
		BB28E8DB21A7B232005FAFC8 /* CFVersion.c in Sources */ = {isa = PBXBuildFile; fileRef = BB28E83821A7B22C005FAFC8 /* CFVersion.c */; };
		BB28E8DC21A7B232005FAFC8 /* CFURL.c in Sources */ = {isa = PBXBuildFile; fileRef = BB28E83921A7B22C005FAFC8 /* CFURL.c */; };
		BB28E8DD21A7B232005FAFC8 /* CFUnicodeData-L.mapping in Resources */ = {isa = PBXBuildFile; fileRef = BB28E83B21A7B22C005FAFC8 /* CFUnicodeData-L.mapping */; };
		BB28E8DE21A7B232005FAFC8 /* CFBundle_Binary.c in Sources */ = {isa = PBXBuildFile; fileRef = BB28E83D21A7B22C005FAFC8 /* CFBundle_Binary.c */; };
		BB28E8DF21A7B232005FAFC8 /* CFBitVector.c in Sources */ = {isa = PBXBuildFile; fileRef = BB28E83E21A7B22C005FAFC8 /* CFBitVector.c */; };
		BB28E8E021A7B232005FAFC8 /* CFBinaryPList.c in Sources */ = {isa = PBXBuildFile; fileRef = BB28E84121A7B22D005FAFC8 /* CFBinaryPList.c */; };
		BB28E8E121A7B232005FAFC8 /* CFError.c in Sources */ = {isa = PBXBuildFile; fileRef = BB28E84221A7B22D005FAFC8 /* CFError.c */; };
		BB28E8E221A7B232005FAFC8 /* PropertyList.dtd in Resources */ = {isa = PBXBuildFile; fileRef = BB28E84621A7B22D005FAFC8 /* PropertyList.dtd */; };
		BB28E8E321A7B232005FAFC8 /* CFCharacterSet.c in Sources */ = {isa = PBXBuildFile; fileRef = BB28E84821A7B22D005FAFC8 /* CFCharacterSet.c */; };
		BB28E8E421A7B232005FAFC8 /* CFNumberFormatter.c in Sources */ = {isa = PBXBuildFile; fileRef = BB28E84921A7B22D005FAFC8 /* CFNumberFormatter.c */; };
		BB28E8E521A7B232005FAFC8 /* CFDictionary.c in Sources */ = {isa = PBXBuildFile; fileRef = BB28E84A21A7B22D005FAFC8 /* CFDictionary.c */; };
		BB28E8E621A7B232005FAFC8 /* CFStream.c in Sources */ = {isa = PBXBuildFile; fileRef = BB28E84B21A7B22D005FAFC8 /* CFStream.c */; };
		BB28E8E721A7B232005FAFC8 /* CFStringScanner.c in Sources */ = {isa = PBXBuildFile; fileRef = BB28E84D21A7B22D005FAFC8 /* CFStringScanner.c */; };
		BB28E8E821A7B232005FAFC8 /* CFSocket.c in Sources */ = {isa = PBXBuildFile; fileRef = BB28E85221A7B22D005FAFC8 /* CFSocket.c */; };
		BB28E8E921A7B232005FAFC8 /* CFStringEncodings.c in Sources */ = {isa = PBXBuildFile; fileRef = BB28E85421A7B22E005FAFC8 /* CFStringEncodings.c */; };
		BB28E8EA21A7B232005FAFC8 /* CFPlatformConverters.c in Sources */ = {isa = PBXBuildFile; fileRef = BB28E85521A7B22E005FAFC8 /* CFPlatformConverters.c */; };
		BB28E8EB21A7B232005FAFC8 /* MakefileVersion in Resources */ = {isa = PBXBuildFile; fileRef = BB28E85621A7B22E005FAFC8 /* MakefileVersion */; };
		BB28E8EC21A7B232005FAFC8 /* CFSortFunctions.c in Sources */ = {isa = PBXBuildFile; fileRef = BB28E85A21A7B22E005FAFC8 /* CFSortFunctions.c */; };
		BB28E8ED21A7B232005FAFC8 /* CFXMLParser.c in Sources */ = {isa = PBXBuildFile; fileRef = BB28E85C21A7B22E005FAFC8 /* CFXMLParser.c */; };
		BB28E8EE21A7B232005FAFC8 /* CFPreferences.c in Sources */ = {isa = PBXBuildFile; fileRef = BB28E85E21A7B22E005FAFC8 /* CFPreferences.c */; };
		BB28E8EF21A7B232005FAFC8 /* CFXMLPreferencesDomain.c in Sources */ = {isa = PBXBuildFile; fileRef = BB28E86021A7B22E005FAFC8 /* CFXMLPreferencesDomain.c */; };
		BB28E8F021A7B232005FAFC8 /* CFLocale.c in Sources */ = {isa = PBXBuildFile; fileRef = BB28E86521A7B22F005FAFC8 /* CFLocale.c */; };
		BB28E8F121A7B232005FAFC8 /* CFBigNumber.c in Sources */ = {isa = PBXBuildFile; fileRef = BB28E86621A7B22F005FAFC8 /* CFBigNumber.c */; };
		BB28E8F221A7B232005FAFC8 /* CFPlugIn_Factory.c in Sources */ = {isa = PBXBuildFile; fileRef = BB28E86A21A7B22F005FAFC8 /* CFPlugIn_Factory.c */; };
		BB28E8F321A7B232005FAFC8 /* CFBundle_Resources.c in Sources */ = {isa = PBXBuildFile; fileRef = BB28E86C21A7B22F005FAFC8 /* CFBundle_Resources.c */; };
		BB28E8F421A7B232005FAFC8 /* CFBasicHash.c in Sources */ = {isa = PBXBuildFile; fileRef = BB28E86F21A7B22F005FAFC8 /* CFBasicHash.c */; };
		BB28E8F521A7B232005FAFC8 /* CFConcreteStreams.c in Sources */ = {isa = PBXBuildFile; fileRef = BB28E87021A7B22F005FAFC8 /* CFConcreteStreams.c */; };
		BB28E8F621A7B232005FAFC8 /* CFBuiltinConverters.c in Sources */ = {isa = PBXBuildFile; fileRef = BB28E87121A7B22F005FAFC8 /* CFBuiltinConverters.c */; };
		BB28E8F721A7B232005FAFC8 /* CFNumber.c in Sources */ = {isa = PBXBuildFile; fileRef = BB28E87221A7B22F005FAFC8 /* CFNumber.c */; };
		BB28E8F821A7B232005FAFC8 /* CFPlugIn_PlugIn.c in Sources */ = {isa = PBXBuildFile; fileRef = BB28E87321A7B22F005FAFC8 /* CFPlugIn_PlugIn.c */; };
		BB28E8F921A7B232005FAFC8 /* CFStringEncodingDatabase.c in Sources */ = {isa = PBXBuildFile; fileRef = BB28E87521A7B230005FAFC8 /* CFStringEncodingDatabase.c */; };
		BB28E8FA21A7B232005FAFC8 /* CFLocaleIdentifier.c in Sources */ = {isa = PBXBuildFile; fileRef = BB28E87621A7B230005FAFC8 /* CFLocaleIdentifier.c */; };
		BB28E8FB21A7B232005FAFC8 /* CFUUID.c in Sources */ = {isa = PBXBuildFile; fileRef = BB28E87A21A7B230005FAFC8 /* CFUUID.c */; };
		BB28E8FC21A7B232005FAFC8 /* CFXMLNode.c in Sources */ = {isa = PBXBuildFile; fileRef = BB28E87B21A7B230005FAFC8 /* CFXMLNode.c */; };
		BB28E8FD21A7B232005FAFC8 /* CFDateFormatter.c in Sources */ = {isa = PBXBuildFile; fileRef = BB28E87C21A7B230005FAFC8 /* CFDateFormatter.c */; };
		BB28E8FE21A7B232005FAFC8 /* CFCharacterSetBitmaps.bitmap in Resources */ = {isa = PBXBuildFile; fileRef = BB28E87D21A7B230005FAFC8 /* CFCharacterSetBitmaps.bitmap */; };
		BB28E8FF21A7B232005FAFC8 /* CFWindowsUtilities.c in Sources */ = {isa = PBXBuildFile; fileRef = BB28E87E21A7B230005FAFC8 /* CFWindowsUtilities.c */; };
		BB28E90021A7B232005FAFC8 /* MakefileLinux in Resources */ = {isa = PBXBuildFile; fileRef = BB28E88021A7B230005FAFC8 /* MakefileLinux */; };
		BB28E90121A7B232005FAFC8 /* CFBasicHashFindBucket.m in Sources */ = {isa = PBXBuildFile; fileRef = BB28E88121A7B230005FAFC8 /* CFBasicHashFindBucket.m */; };
		BB28E90221A7B232005FAFC8 /* APPLE_LICENSE in Resources */ = {isa = PBXBuildFile; fileRef = BB28E88221A7B230005FAFC8 /* APPLE_LICENSE */; };
		BB28E90321A7B232005FAFC8 /* CFBinaryHeap.c in Sources */ = {isa = PBXBuildFile; fileRef = BB28E88621A7B230005FAFC8 /* CFBinaryHeap.c */; };
		BB28E90421A7B232005FAFC8 /* CFUnicodePrecomposition.c in Sources */ = {isa = PBXBuildFile; fileRef = BB28E88821A7B230005FAFC8 /* CFUnicodePrecomposition.c */; };
		BB28E90521A7B232005FAFC8 /* CFStorage.c in Sources */ = {isa = PBXBuildFile; fileRef = BB28E88A21A7B230005FAFC8 /* CFStorage.c */; };
		BB28E90621A7B232005FAFC8 /* CFXMLTree.c in Sources */ = {isa = PBXBuildFile; fileRef = BB28E88B21A7B231005FAFC8 /* CFXMLTree.c */; };
		BB28E90721A7B232005FAFC8 /* plconvert.c in Sources */ = {isa = PBXBuildFile; fileRef = BB28E88E21A7B231005FAFC8 /* plconvert.c */; };
		BB28E90821A7B232005FAFC8 /* CFUnicodeDecomposition.c in Sources */ = {isa = PBXBuildFile; fileRef = BB28E89021A7B231005FAFC8 /* CFUnicodeDecomposition.c */; };
		BB28E90921A7B232005FAFC8 /* CFFileUtilities.c in Sources */ = {isa = PBXBuildFile; fileRef = BB28E89121A7B231005FAFC8 /* CFFileUtilities.c */; };
		BB28E90A21A7B232005FAFC8 /* CFBurstTrie.c in Sources */ = {isa = PBXBuildFile; fileRef = BB28E89421A7B231005FAFC8 /* CFBurstTrie.c */; };
		BB28E90B21A7B232005FAFC8 /* CFCalendar.c in Sources */ = {isa = PBXBuildFile; fileRef = BB28E89921A7B231005FAFC8 /* CFCalendar.c */; };
		BB28E90C21A7B232005FAFC8 /* CFDate.c in Sources */ = {isa = PBXBuildFile; fileRef = BB28E89A21A7B231005FAFC8 /* CFDate.c */; };
		BB28E90D21A7B232005FAFC8 /* README_CFLITE in Resources */ = {isa = PBXBuildFile; fileRef = BB28E89C21A7B231005FAFC8 /* README_CFLITE */; };
		BB28E90E21A7B232005FAFC8 /* CFOldStylePList.c in Sources */ = {isa = PBXBuildFile; fileRef = BB28E8A021A7B231005FAFC8 /* CFOldStylePList.c */; };
		BB28E90F21A7B232005FAFC8 /* SymbolAliases in Resources */ = {isa = PBXBuildFile; fileRef = BB28E8A121A7B231005FAFC8 /* SymbolAliases */; };
		BB28E91021A7B232005FAFC8 /* CFStringEncodingConverter.c in Sources */ = {isa = PBXBuildFile; fileRef = BB28E8A321A7B231005FAFC8 /* CFStringEncodingConverter.c */; };
		BB28E91121A7B232005FAFC8 /* Info.plist in Resources */ = {isa = PBXBuildFile; fileRef = BB28E8A621A7B231005FAFC8 /* Info.plist */; };
		BB28E91221A7B232005FAFC8 /* plconvert.c in Sources */ = {isa = PBXBuildFile; fileRef = BB28E8A721A7B231005FAFC8 /* plconvert.c */; };
		BB28E91321A7B232005FAFC8 /* CFSystemDirectories.c in Sources */ = {isa = PBXBuildFile; fileRef = BB28E8A821A7B231005FAFC8 /* CFSystemDirectories.c */; };
		BB28E91421A7B232005FAFC8 /* CFBag.c in Sources */ = {isa = PBXBuildFile; fileRef = BB28E8A921A7B231005FAFC8 /* CFBag.c */; };
		BB28E91521A7B232005FAFC8 /* CFRunLoop.c in Sources */ = {isa = PBXBuildFile; fileRef = BB28E8AD21A7B231005FAFC8 /* CFRunLoop.c */; };
		BB28E91621A7B232005FAFC8 /* CFRuntime.c in Sources */ = {isa = PBXBuildFile; fileRef = BB28E8AF21A7B231005FAFC8 /* CFRuntime.c */; };
		BB28E91721A7B232005FAFC8 /* CFLocaleKeys.c in Sources */ = {isa = PBXBuildFile; fileRef = BB28E8B121A7B231005FAFC8 /* CFLocaleKeys.c */; };
		BB28E91821A7B232005FAFC8 /* CFPlatform.c in Sources */ = {isa = PBXBuildFile; fileRef = BB28E8B221A7B231005FAFC8 /* CFPlatform.c */; };
		BB28E91921A7B232005FAFC8 /* CFMessagePort.c in Sources */ = {isa = PBXBuildFile; fileRef = BB28E8B321A7B231005FAFC8 /* CFMessagePort.c */; };
		BB28E91A21A7B232005FAFC8 /* CFUnicodeData-B.mapping in Resources */ = {isa = PBXBuildFile; fileRef = BB28E8B421A7B231005FAFC8 /* CFUnicodeData-B.mapping */; };
		BB28E91B21A7B232005FAFC8 /* CFBase.c in Sources */ = {isa = PBXBuildFile; fileRef = BB28E8B721A7B231005FAFC8 /* CFBase.c */; };
		BB28E91C21A7B232005FAFC8 /* CFPropertyList.c in Sources */ = {isa = PBXBuildFile; fileRef = BB28E8B821A7B231005FAFC8 /* CFPropertyList.c */; };
		BB28E91D21A7B232005FAFC8 /* CFTimeZone.c in Sources */ = {isa = PBXBuildFile; fileRef = BB28E8BA21A7B231005FAFC8 /* CFTimeZone.c */; };
		BB28E91E21A7B232005FAFC8 /* CFSocketStream.c in Sources */ = {isa = PBXBuildFile; fileRef = BB28E8BB21A7B231005FAFC8 /* CFSocketStream.c */; };
		BB28E91F21A7B232005FAFC8 /* CFSet.c in Sources */ = {isa = PBXBuildFile; fileRef = BB28E8BC21A7B231005FAFC8 /* CFSet.c */; };
		BB28E92021A7B232005FAFC8 /* CFPlugIn_Instance.c in Sources */ = {isa = PBXBuildFile; fileRef = BB28E8BD21A7B231005FAFC8 /* CFPlugIn_Instance.c */; };
		BB28E92121A7B232005FAFC8 /* Makefile in Sources */ = {isa = PBXBuildFile; fileRef = BB28E8BE21A7B231005FAFC8 /* Makefile */; };
		BB28E92221A7B232005FAFC8 /* CFXMLInputStream.c in Sources */ = {isa = PBXBuildFile; fileRef = BB28E8BF21A7B232005FAFC8 /* CFXMLInputStream.c */; };
		BB28E92321A7B232005FAFC8 /* CFBundle.c in Sources */ = {isa = PBXBuildFile; fileRef = BB28E8C021A7B232005FAFC8 /* CFBundle.c */; };
		BB28E92421A7B232005FAFC8 /* CFBundle_Grok.c in Sources */ = {isa = PBXBuildFile; fileRef = BB28E8C121A7B232005FAFC8 /* CFBundle_Grok.c */; };
		BB28E92521A7B232005FAFC8 /* CFUniChar.c in Sources */ = {isa = PBXBuildFile; fileRef = BB28E8C321A7B232005FAFC8 /* CFUniChar.c */; };
		BB28E92621A7B232005FAFC8 /* CFStringUtilities.c in Sources */ = {isa = PBXBuildFile; fileRef = BB28E8C421A7B232005FAFC8 /* CFStringUtilities.c */; };
		BB28E92721A7B232005FAFC8 /* CFPlugIn.c in Sources */ = {isa = PBXBuildFile; fileRef = BB28E8C621A7B232005FAFC8 /* CFPlugIn.c */; };
		BB28E92821A7B232005FAFC8 /* CFBundle_InfoPlist.c in Sources */ = {isa = PBXBuildFile; fileRef = BB28E8C721A7B232005FAFC8 /* CFBundle_InfoPlist.c */; };
		BB28E92921A7B232005FAFC8 /* CFUtilities.c in Sources */ = {isa = PBXBuildFile; fileRef = BB28E8C821A7B232005FAFC8 /* CFUtilities.c */; };
		BB28E92A21A7B232005FAFC8 /* CFUniCharPropertyDatabase.data in Resources */ = {isa = PBXBuildFile; fileRef = BB28E8CA21A7B232005FAFC8 /* CFUniCharPropertyDatabase.data */; };
		BB28E92B21A7B232005FAFC8 /* CFString.c in Sources */ = {isa = PBXBuildFile; fileRef = BB28E8CC21A7B232005FAFC8 /* CFString.c */; };
		BB28E92C21A7B232005FAFC8 /* CFMachPort.c in Sources */ = {isa = PBXBuildFile; fileRef = BB28E8CF21A7B232005FAFC8 /* CFMachPort.c */; };
		BB28E92D21A7B232005FAFC8 /* CFUserNotification.c in Sources */ = {isa = PBXBuildFile; fileRef = BB28E8D021A7B232005FAFC8 /* CFUserNotification.c */; };
		BB28E92E21A7B232005FAFC8 /* CFBundle_Locale.c in Sources */ = {isa = PBXBuildFile; fileRef = BB28E8D121A7B232005FAFC8 /* CFBundle_Locale.c */; };
		BB28E92F21A7B232005FAFC8 /* CFICUConverters.c in Sources */ = {isa = PBXBuildFile; fileRef = BB28E8D221A7B232005FAFC8 /* CFICUConverters.c */; };
		BB28E93021A7B232005FAFC8 /* CFApplicationPreferences.c in Sources */ = {isa = PBXBuildFile; fileRef = BB28E8D321A7B232005FAFC8 /* CFApplicationPreferences.c */; };
		BB28E93421A7B3BC005FAFC8 /* CFRunLoop_Timer.c in Sources */ = {isa = PBXBuildFile; fileRef = BB28E93321A7B3BC005FAFC8 /* CFRunLoop_Timer.c */; };
		BB28E93821A7B635005FAFC8 /* CFRunLoop_Utils.c in Sources */ = {isa = PBXBuildFile; fileRef = BB28E93721A7B635005FAFC8 /* CFRunLoop_Utils.c */; };
		BB28E93C21A7D8C9005FAFC8 /* CFRunLoop_Observers.c in Sources */ = {isa = PBXBuildFile; fileRef = BB28E93B21A7D8C9005FAFC8 /* CFRunLoop_Observers.c */; };
		BB28E93F21A7DA19005FAFC8 /* CFRunLoop_Clean.c in Sources */ = {isa = PBXBuildFile; fileRef = BB28E93E21A7DA19005FAFC8 /* CFRunLoop_Clean.c */; };
		BB28E94221ABA19A005FAFC8 /* CFRunLoop_Run.c in Sources */ = {isa = PBXBuildFile; fileRef = BB28E94121ABA19A005FAFC8 /* CFRunLoop_Run.c */; };
		BB28E94521ABABF7005FAFC8 /* CFRunLoop_Source.c in Sources */ = {isa = PBXBuildFile; fileRef = BB28E94421ABABF7005FAFC8 /* CFRunLoop_Source.c */; };
		BB28E94921ABC015005FAFC8 /* CFRunLoop_Mode.c in Sources */ = {isa = PBXBuildFile; fileRef = BB28E94821ABC015005FAFC8 /* CFRunLoop_Mode.c */; };
		BB28E94C21ABC16C005FAFC8 /* CFRunLoop_Block.c in Sources */ = {isa = PBXBuildFile; fileRef = BB28E94B21ABC16C005FAFC8 /* CFRunLoop_Block.c */; };
		BB28E94F21ABC3A8005FAFC8 /* CFRunLoop_Do.c in Sources */ = {isa = PBXBuildFile; fileRef = BB28E94E21ABC3A8005FAFC8 /* CFRunLoop_Do.c */; };
		BB28E95221ABC581005FAFC8 /* CFRunLoop_main queue.c in Sources */ = {isa = PBXBuildFile; fileRef = BB28E95121ABC581005FAFC8 /* CFRunLoop_main queue.c */; };
		BB28E95521ABEB77005FAFC8 /* CFRunLoop_Lock.c in Sources */ = {isa = PBXBuildFile; fileRef = BB28E95421ABEB77005FAFC8 /* CFRunLoop_Lock.c */; };
		BB319E3521E09E2800A3E8F6 /* CFRunLoop_Timer_Trigger.c in Sources */ = {isa = PBXBuildFile; fileRef = BB319E3421E09E2800A3E8F6 /* CFRunLoop_Timer_Trigger.c */; };
		BB319E3821E0BEEA00A3E8F6 /* CFRunLoop_Timer_Add.c in Sources */ = {isa = PBXBuildFile; fileRef = BB319E3721E0BEEA00A3E8F6 /* CFRunLoop_Timer_Add.c */; };
/* End PBXBuildFile section */

/* Begin PBXContainerItemProxy section */
		D54E6D8220B7A828004B2DE1 /* PBXContainerItemProxy */ = {
			isa = PBXContainerItemProxy;
			containerPortal = D54E6D6120B7A826004B2DE1 /* Project object */;
			proxyType = 1;
			remoteGlobalIDString = D54E6D6820B7A826004B2DE1;
			remoteInfo = CF;
		};
		D54E6D8D20B7A828004B2DE1 /* PBXContainerItemProxy */ = {
			isa = PBXContainerItemProxy;
			containerPortal = D54E6D6120B7A826004B2DE1 /* Project object */;
			proxyType = 1;
			remoteGlobalIDString = D54E6D6820B7A826004B2DE1;
			remoteInfo = CF;
		};
/* End PBXContainerItemProxy section */

/* Begin PBXFileReference section */
		BB28E82F21A7B22C005FAFC8 /* CFData.c */ = {isa = PBXFileReference; fileEncoding = 4; lastKnownFileType = sourcecode.c.c; name = CFData.c; path = ../../CFData.c; sourceTree = "<group>"; };
		BB28E83021A7B22C005FAFC8 /* CFBundle_Strings.c */ = {isa = PBXFileReference; fileEncoding = 4; lastKnownFileType = sourcecode.c.c; path = CFBundle_Strings.c; sourceTree = "<group>"; };
		BB28E83121A7B22C005FAFC8 /* CFNumber.h */ = {isa = PBXFileReference; fileEncoding = 4; lastKnownFileType = sourcecode.c.h; name = CFNumber.h; path = ../../CFNumber.h; sourceTree = "<group>"; };
		BB28E83221A7B22C005FAFC8 /* CFArray.c */ = {isa = PBXFileReference; fileEncoding = 4; lastKnownFileType = sourcecode.c.c; name = CFArray.c; path = ../../CFArray.c; sourceTree = "<group>"; };
		BB28E83321A7B22C005FAFC8 /* CFAvailability.h */ = {isa = PBXFileReference; fileEncoding = 4; lastKnownFileType = sourcecode.c.h; name = CFAvailability.h; path = ../../CFAvailability.h; sourceTree = "<group>"; };
		BB28E83421A7B22C005FAFC8 /* CFTree.c */ = {isa = PBXFileReference; fileEncoding = 4; lastKnownFileType = sourcecode.c.c; name = CFTree.c; path = ../../CFTree.c; sourceTree = "<group>"; };
		BB28E83521A7B22C005FAFC8 /* CFUniCharPriv.h */ = {isa = PBXFileReference; fileEncoding = 4; lastKnownFileType = sourcecode.c.h; name = CFUniCharPriv.h; path = ../../CFUniCharPriv.h; sourceTree = "<group>"; };
		BB28E83621A7B22C005FAFC8 /* CFURL.h */ = {isa = PBXFileReference; fileEncoding = 4; lastKnownFileType = sourcecode.c.h; name = CFURL.h; path = ../../CFURL.h; sourceTree = "<group>"; };
		BB28E83721A7B22C005FAFC8 /* CFURLAccess.c */ = {isa = PBXFileReference; fileEncoding = 4; lastKnownFileType = sourcecode.c.c; name = CFURLAccess.c; path = ../../CFURLAccess.c; sourceTree = "<group>"; };
		BB28E83821A7B22C005FAFC8 /* CFVersion.c */ = {isa = PBXFileReference; fileEncoding = 4; lastKnownFileType = sourcecode.c.c; name = CFVersion.c; path = ../../CFVersion.c; sourceTree = "<group>"; };
		BB28E83921A7B22C005FAFC8 /* CFURL.c */ = {isa = PBXFileReference; fileEncoding = 4; lastKnownFileType = sourcecode.c.c; name = CFURL.c; path = ../../CFURL.c; sourceTree = "<group>"; };
		BB28E83A21A7B22C005FAFC8 /* CFArray.h */ = {isa = PBXFileReference; fileEncoding = 4; lastKnownFileType = sourcecode.c.h; name = CFArray.h; path = ../../CFArray.h; sourceTree = "<group>"; };
		BB28E83B21A7B22C005FAFC8 /* CFUnicodeData-L.mapping */ = {isa = PBXFileReference; lastKnownFileType = file; name = "CFUnicodeData-L.mapping"; path = "../../CFUnicodeData-L.mapping"; sourceTree = "<group>"; };
		BB28E83C21A7B22C005FAFC8 /* CFICUConverters.h */ = {isa = PBXFileReference; fileEncoding = 4; lastKnownFileType = sourcecode.c.h; name = CFICUConverters.h; path = ../../CFICUConverters.h; sourceTree = "<group>"; };
		BB28E83D21A7B22C005FAFC8 /* CFBundle_Binary.c */ = {isa = PBXFileReference; fileEncoding = 4; lastKnownFileType = sourcecode.c.c; path = CFBundle_Binary.c; sourceTree = "<group>"; };
		BB28E83E21A7B22C005FAFC8 /* CFBitVector.c */ = {isa = PBXFileReference; fileEncoding = 4; lastKnownFileType = sourcecode.c.c; name = CFBitVector.c; path = ../../CFBitVector.c; sourceTree = "<group>"; };
		BB28E83F21A7B22D005FAFC8 /* CFCalendar.h */ = {isa = PBXFileReference; fileEncoding = 4; lastKnownFileType = sourcecode.c.h; name = CFCalendar.h; path = ../../CFCalendar.h; sourceTree = "<group>"; };
		BB28E84021A7B22D005FAFC8 /* CFData.h */ = {isa = PBXFileReference; fileEncoding = 4; lastKnownFileType = sourcecode.c.h; name = CFData.h; path = ../../CFData.h; sourceTree = "<group>"; };
		BB28E84121A7B22D005FAFC8 /* CFBinaryPList.c */ = {isa = PBXFileReference; fileEncoding = 4; lastKnownFileType = sourcecode.c.c; name = CFBinaryPList.c; path = ../../CFBinaryPList.c; sourceTree = "<group>"; };
		BB28E84221A7B22D005FAFC8 /* CFError.c */ = {isa = PBXFileReference; fileEncoding = 4; lastKnownFileType = sourcecode.c.c; name = CFError.c; path = ../../CFError.c; sourceTree = "<group>"; };
		BB28E84321A7B22D005FAFC8 /* ForFoundationOnly.h */ = {isa = PBXFileReference; fileEncoding = 4; lastKnownFileType = sourcecode.c.h; name = ForFoundationOnly.h; path = ../../ForFoundationOnly.h; sourceTree = "<group>"; };
		BB28E84421A7B22D005FAFC8 /* CFURL.inc.h */ = {isa = PBXFileReference; fileEncoding = 4; lastKnownFileType = sourcecode.c.h; name = CFURL.inc.h; path = ../../CFURL.inc.h; sourceTree = "<group>"; };
		BB28E84521A7B22D005FAFC8 /* CFTree.h */ = {isa = PBXFileReference; fileEncoding = 4; lastKnownFileType = sourcecode.c.h; name = CFTree.h; path = ../../CFTree.h; sourceTree = "<group>"; };
		BB28E84621A7B22D005FAFC8 /* PropertyList.dtd */ = {isa = PBXFileReference; fileEncoding = 4; lastKnownFileType = text.xml; name = PropertyList.dtd; path = ../../PropertyList.dtd; sourceTree = "<group>"; };
		BB28E84721A7B22D005FAFC8 /* CFPlugInCOM.h */ = {isa = PBXFileReference; fileEncoding = 4; lastKnownFileType = sourcecode.c.h; name = CFPlugInCOM.h; path = ../../CFPlugInCOM.h; sourceTree = "<group>"; };
		BB28E84821A7B22D005FAFC8 /* CFCharacterSet.c */ = {isa = PBXFileReference; fileEncoding = 4; lastKnownFileType = sourcecode.c.c; name = CFCharacterSet.c; path = ../../CFCharacterSet.c; sourceTree = "<group>"; };
		BB28E84921A7B22D005FAFC8 /* CFNumberFormatter.c */ = {isa = PBXFileReference; fileEncoding = 4; lastKnownFileType = sourcecode.c.c; name = CFNumberFormatter.c; path = ../../CFNumberFormatter.c; sourceTree = "<group>"; };
		BB28E84A21A7B22D005FAFC8 /* CFDictionary.c */ = {isa = PBXFileReference; fileEncoding = 4; lastKnownFileType = sourcecode.c.c; path = CFDictionary.c; sourceTree = "<group>"; };
		BB28E84B21A7B22D005FAFC8 /* CFStream.c */ = {isa = PBXFileReference; fileEncoding = 4; lastKnownFileType = sourcecode.c.c; name = CFStream.c; path = ../../CFStream.c; sourceTree = "<group>"; };
		BB28E84C21A7B22D005FAFC8 /* CFStreamInternal.h */ = {isa = PBXFileReference; fileEncoding = 4; lastKnownFileType = sourcecode.c.h; name = CFStreamInternal.h; path = ../../CFStreamInternal.h; sourceTree = "<group>"; };
		BB28E84D21A7B22D005FAFC8 /* CFStringScanner.c */ = {isa = PBXFileReference; fileEncoding = 4; lastKnownFileType = sourcecode.c.c; name = CFStringScanner.c; path = ../../CFStringScanner.c; sourceTree = "<group>"; };
		BB28E84E21A7B22D005FAFC8 /* CFPriv.h */ = {isa = PBXFileReference; fileEncoding = 4; lastKnownFileType = sourcecode.c.h; name = CFPriv.h; path = ../../CFPriv.h; sourceTree = "<group>"; };
		BB28E84F21A7B22D005FAFC8 /* CFStringEncodingDatabase.h */ = {isa = PBXFileReference; fileEncoding = 4; lastKnownFileType = sourcecode.c.h; name = CFStringEncodingDatabase.h; path = ../../CFStringEncodingDatabase.h; sourceTree = "<group>"; };
		BB28E85021A7B22D005FAFC8 /* CFBigNumber.h */ = {isa = PBXFileReference; fileEncoding = 4; lastKnownFileType = sourcecode.c.h; name = CFBigNumber.h; path = ../../CFBigNumber.h; sourceTree = "<group>"; };
		BB28E85121A7B22D005FAFC8 /* CFBinaryHeap.h */ = {isa = PBXFileReference; fileEncoding = 4; lastKnownFileType = sourcecode.c.h; name = CFBinaryHeap.h; path = ../../CFBinaryHeap.h; sourceTree = "<group>"; };
		BB28E85221A7B22D005FAFC8 /* CFSocket.c */ = {isa = PBXFileReference; fileEncoding = 4; lastKnownFileType = sourcecode.c.c; name = CFSocket.c; path = ../../CFSocket.c; sourceTree = "<group>"; };
		BB28E85321A7B22D005FAFC8 /* CFStringEncodingExt.h */ = {isa = PBXFileReference; fileEncoding = 4; lastKnownFileType = sourcecode.c.h; name = CFStringEncodingExt.h; path = ../../CFStringEncodingExt.h; sourceTree = "<group>"; };
		BB28E85421A7B22E005FAFC8 /* CFStringEncodings.c */ = {isa = PBXFileReference; fileEncoding = 4; lastKnownFileType = sourcecode.c.c; name = CFStringEncodings.c; path = ../../CFStringEncodings.c; sourceTree = "<group>"; };
		BB28E85521A7B22E005FAFC8 /* CFPlatformConverters.c */ = {isa = PBXFileReference; fileEncoding = 4; lastKnownFileType = sourcecode.c.c; name = CFPlatformConverters.c; path = ../../CFPlatformConverters.c; sourceTree = "<group>"; };
		BB28E85621A7B22E005FAFC8 /* MakefileVersion */ = {isa = PBXFileReference; fileEncoding = 4; lastKnownFileType = text; name = MakefileVersion; path = ../../MakefileVersion; sourceTree = "<group>"; };
		BB28E85721A7B22E005FAFC8 /* CFLocaleInternal.h */ = {isa = PBXFileReference; fileEncoding = 4; lastKnownFileType = sourcecode.c.h; name = CFLocaleInternal.h; path = ../../CFLocaleInternal.h; sourceTree = "<group>"; };
		BB28E85821A7B22E005FAFC8 /* CFBurstTrie.h */ = {isa = PBXFileReference; fileEncoding = 4; lastKnownFileType = sourcecode.c.h; name = CFBurstTrie.h; path = ../../CFBurstTrie.h; sourceTree = "<group>"; };
		BB28E85921A7B22E005FAFC8 /* CFRuntime.h */ = {isa = PBXFileReference; fileEncoding = 4; lastKnownFileType = sourcecode.c.h; path = CFRuntime.h; sourceTree = "<group>"; };
		BB28E85A21A7B22E005FAFC8 /* CFSortFunctions.c */ = {isa = PBXFileReference; fileEncoding = 4; lastKnownFileType = sourcecode.c.c; name = CFSortFunctions.c; path = ../../CFSortFunctions.c; sourceTree = "<group>"; };
		BB28E85B21A7B22E005FAFC8 /* CFNumberFormatter.h */ = {isa = PBXFileReference; fileEncoding = 4; lastKnownFileType = sourcecode.c.h; name = CFNumberFormatter.h; path = ../../CFNumberFormatter.h; sourceTree = "<group>"; };
		BB28E85C21A7B22E005FAFC8 /* CFXMLParser.c */ = {isa = PBXFileReference; fileEncoding = 4; lastKnownFileType = sourcecode.c.c; name = CFXMLParser.c; path = ../../CFXMLParser.c; sourceTree = "<group>"; };
		BB28E85D21A7B22E005FAFC8 /* CFMessagePort.h */ = {isa = PBXFileReference; fileEncoding = 4; lastKnownFileType = sourcecode.c.h; path = CFMessagePort.h; sourceTree = "<group>"; };
		BB28E85E21A7B22E005FAFC8 /* CFPreferences.c */ = {isa = PBXFileReference; fileEncoding = 4; lastKnownFileType = sourcecode.c.c; name = CFPreferences.c; path = ../../CFPreferences.c; sourceTree = "<group>"; };
		BB28E85F21A7B22E005FAFC8 /* CFInternal.h */ = {isa = PBXFileReference; fileEncoding = 4; lastKnownFileType = sourcecode.c.h; name = CFInternal.h; path = ../../CFInternal.h; sourceTree = "<group>"; };
		BB28E86021A7B22E005FAFC8 /* CFXMLPreferencesDomain.c */ = {isa = PBXFileReference; fileEncoding = 4; lastKnownFileType = sourcecode.c.c; name = CFXMLPreferencesDomain.c; path = ../../CFXMLPreferencesDomain.c; sourceTree = "<group>"; };
		BB28E86121A7B22E005FAFC8 /* CFBag.h */ = {isa = PBXFileReference; fileEncoding = 4; lastKnownFileType = sourcecode.c.h; name = CFBag.h; path = ../../CFBag.h; sourceTree = "<group>"; };
		BB28E86221A7B22E005FAFC8 /* CFStringDefaultEncoding.h */ = {isa = PBXFileReference; fileEncoding = 4; lastKnownFileType = sourcecode.c.h; name = CFStringDefaultEncoding.h; path = ../../CFStringDefaultEncoding.h; sourceTree = "<group>"; };
		BB28E86321A7B22E005FAFC8 /* CFUnicodeDecomposition.h */ = {isa = PBXFileReference; fileEncoding = 4; lastKnownFileType = sourcecode.c.h; name = CFUnicodeDecomposition.h; path = ../../CFUnicodeDecomposition.h; sourceTree = "<group>"; };
		BB28E86421A7B22E005FAFC8 /* CFPlugIn_Factory.h */ = {isa = PBXFileReference; fileEncoding = 4; lastKnownFileType = sourcecode.c.h; name = CFPlugIn_Factory.h; path = ../../CFPlugIn_Factory.h; sourceTree = "<group>"; };
		BB28E86521A7B22F005FAFC8 /* CFLocale.c */ = {isa = PBXFileReference; fileEncoding = 4; lastKnownFileType = sourcecode.c.c; name = CFLocale.c; path = ../../CFLocale.c; sourceTree = "<group>"; };
		BB28E86621A7B22F005FAFC8 /* CFBigNumber.c */ = {isa = PBXFileReference; fileEncoding = 4; lastKnownFileType = sourcecode.c.c; name = CFBigNumber.c; path = ../../CFBigNumber.c; sourceTree = "<group>"; };
		BB28E86721A7B22F005FAFC8 /* CFUniChar.h */ = {isa = PBXFileReference; fileEncoding = 4; lastKnownFileType = sourcecode.c.h; name = CFUniChar.h; path = ../../CFUniChar.h; sourceTree = "<group>"; };
		BB28E86821A7B22F005FAFC8 /* CFPreferences.h */ = {isa = PBXFileReference; fileEncoding = 4; lastKnownFileType = sourcecode.c.h; name = CFPreferences.h; path = ../../CFPreferences.h; sourceTree = "<group>"; };
		BB28E86921A7B22F005FAFC8 /* TargetConditionals.h */ = {isa = PBXFileReference; fileEncoding = 4; lastKnownFileType = sourcecode.c.h; name = TargetConditionals.h; path = ../../TargetConditionals.h; sourceTree = "<group>"; };
		BB28E86A21A7B22F005FAFC8 /* CFPlugIn_Factory.c */ = {isa = PBXFileReference; fileEncoding = 4; lastKnownFileType = sourcecode.c.c; name = CFPlugIn_Factory.c; path = ../../CFPlugIn_Factory.c; sourceTree = "<group>"; };
		BB28E86B21A7B22F005FAFC8 /* CFStringEncodingConverter.h */ = {isa = PBXFileReference; fileEncoding = 4; lastKnownFileType = sourcecode.c.h; name = CFStringEncodingConverter.h; path = ../../CFStringEncodingConverter.h; sourceTree = "<group>"; };
		BB28E86C21A7B22F005FAFC8 /* CFBundle_Resources.c */ = {isa = PBXFileReference; fileEncoding = 4; lastKnownFileType = sourcecode.c.c; path = CFBundle_Resources.c; sourceTree = "<group>"; };
		BB28E86D21A7B22F005FAFC8 /* CFBundle.h */ = {isa = PBXFileReference; fileEncoding = 4; lastKnownFileType = sourcecode.c.h; path = CFBundle.h; sourceTree = "<group>"; };
		BB28E86E21A7B22F005FAFC8 /* CFBase.h */ = {isa = PBXFileReference; fileEncoding = 4; lastKnownFileType = sourcecode.c.h; path = CFBase.h; sourceTree = "<group>"; };
		BB28E86F21A7B22F005FAFC8 /* CFBasicHash.c */ = {isa = PBXFileReference; fileEncoding = 4; lastKnownFileType = sourcecode.c.c; path = CFBasicHash.c; sourceTree = "<group>"; };
		BB28E87021A7B22F005FAFC8 /* CFConcreteStreams.c */ = {isa = PBXFileReference; fileEncoding = 4; lastKnownFileType = sourcecode.c.c; name = CFConcreteStreams.c; path = ../../CFConcreteStreams.c; sourceTree = "<group>"; };
		BB28E87121A7B22F005FAFC8 /* CFBuiltinConverters.c */ = {isa = PBXFileReference; fileEncoding = 4; lastKnownFileType = sourcecode.c.c; name = CFBuiltinConverters.c; path = ../../CFBuiltinConverters.c; sourceTree = "<group>"; };
		BB28E87221A7B22F005FAFC8 /* CFNumber.c */ = {isa = PBXFileReference; fileEncoding = 4; lastKnownFileType = sourcecode.c.c; name = CFNumber.c; path = ../../CFNumber.c; sourceTree = "<group>"; };
		BB28E87321A7B22F005FAFC8 /* CFPlugIn_PlugIn.c */ = {isa = PBXFileReference; fileEncoding = 4; lastKnownFileType = sourcecode.c.c; name = CFPlugIn_PlugIn.c; path = ../../CFPlugIn_PlugIn.c; sourceTree = "<group>"; };
		BB28E87421A7B22F005FAFC8 /* CFString.h */ = {isa = PBXFileReference; fileEncoding = 4; lastKnownFileType = sourcecode.c.h; name = CFString.h; path = ../../CFString.h; sourceTree = "<group>"; };
		BB28E87521A7B230005FAFC8 /* CFStringEncodingDatabase.c */ = {isa = PBXFileReference; fileEncoding = 4; lastKnownFileType = sourcecode.c.c; name = CFStringEncodingDatabase.c; path = ../../CFStringEncodingDatabase.c; sourceTree = "<group>"; };
		BB28E87621A7B230005FAFC8 /* CFLocaleIdentifier.c */ = {isa = PBXFileReference; fileEncoding = 4; lastKnownFileType = sourcecode.c.c; name = CFLocaleIdentifier.c; path = ../../CFLocaleIdentifier.c; sourceTree = "<group>"; };
		BB28E87721A7B230005FAFC8 /* CFStorage.h */ = {isa = PBXFileReference; fileEncoding = 4; lastKnownFileType = sourcecode.c.h; name = CFStorage.h; path = ../../CFStorage.h; sourceTree = "<group>"; };
		BB28E87821A7B230005FAFC8 /* CFURLPriv.h */ = {isa = PBXFileReference; fileEncoding = 4; lastKnownFileType = sourcecode.c.h; name = CFURLPriv.h; path = ../../CFURLPriv.h; sourceTree = "<group>"; };
		BB28E87921A7B230005FAFC8 /* CFUserNotification.h */ = {isa = PBXFileReference; fileEncoding = 4; lastKnownFileType = sourcecode.c.h; name = CFUserNotification.h; path = ../../CFUserNotification.h; sourceTree = "<group>"; };
		BB28E87A21A7B230005FAFC8 /* CFUUID.c */ = {isa = PBXFileReference; fileEncoding = 4; lastKnownFileType = sourcecode.c.c; name = CFUUID.c; path = ../../CFUUID.c; sourceTree = "<group>"; };
		BB28E87B21A7B230005FAFC8 /* CFXMLNode.c */ = {isa = PBXFileReference; fileEncoding = 4; lastKnownFileType = sourcecode.c.c; name = CFXMLNode.c; path = ../../CFXMLNode.c; sourceTree = "<group>"; };
		BB28E87C21A7B230005FAFC8 /* CFDateFormatter.c */ = {isa = PBXFileReference; fileEncoding = 4; lastKnownFileType = sourcecode.c.c; name = CFDateFormatter.c; path = ../../CFDateFormatter.c; sourceTree = "<group>"; };
		BB28E87D21A7B230005FAFC8 /* CFCharacterSetBitmaps.bitmap */ = {isa = PBXFileReference; lastKnownFileType = file; name = CFCharacterSetBitmaps.bitmap; path = ../../CFCharacterSetBitmaps.bitmap; sourceTree = "<group>"; };
		BB28E87E21A7B230005FAFC8 /* CFWindowsUtilities.c */ = {isa = PBXFileReference; fileEncoding = 4; lastKnownFileType = sourcecode.c.c; name = CFWindowsUtilities.c; path = ../../CFWindowsUtilities.c; sourceTree = "<group>"; };
		BB28E87F21A7B230005FAFC8 /* CFXMLNode.h */ = {isa = PBXFileReference; fileEncoding = 4; lastKnownFileType = sourcecode.c.h; name = CFXMLNode.h; path = ../../CFXMLNode.h; sourceTree = "<group>"; };
		BB28E88021A7B230005FAFC8 /* MakefileLinux */ = {isa = PBXFileReference; fileEncoding = 4; lastKnownFileType = text; name = MakefileLinux; path = ../../MakefileLinux; sourceTree = "<group>"; };
		BB28E88121A7B230005FAFC8 /* CFBasicHashFindBucket.m */ = {isa = PBXFileReference; fileEncoding = 4; lastKnownFileType = sourcecode.c.objc; path = CFBasicHashFindBucket.m; sourceTree = "<group>"; };
		BB28E88221A7B230005FAFC8 /* APPLE_LICENSE */ = {isa = PBXFileReference; fileEncoding = 4; lastKnownFileType = text; name = APPLE_LICENSE; path = ../../APPLE_LICENSE; sourceTree = "<group>"; };
		BB28E88321A7B230005FAFC8 /* CFError_Private.h */ = {isa = PBXFileReference; fileEncoding = 4; lastKnownFileType = sourcecode.c.h; name = CFError_Private.h; path = ../../CFError_Private.h; sourceTree = "<group>"; };
		BB28E88421A7B230005FAFC8 /* CFLocale.h */ = {isa = PBXFileReference; fileEncoding = 4; lastKnownFileType = sourcecode.c.h; name = CFLocale.h; path = ../../CFLocale.h; sourceTree = "<group>"; };
		BB28E88521A7B230005FAFC8 /* CFByteOrder.h */ = {isa = PBXFileReference; fileEncoding = 4; lastKnownFileType = sourcecode.c.h; name = CFByteOrder.h; path = ../../CFByteOrder.h; sourceTree = "<group>"; };
		BB28E88621A7B230005FAFC8 /* CFBinaryHeap.c */ = {isa = PBXFileReference; fileEncoding = 4; lastKnownFileType = sourcecode.c.c; name = CFBinaryHeap.c; path = ../../CFBinaryHeap.c; sourceTree = "<group>"; };
		BB28E88721A7B230005FAFC8 /* CFStream.h */ = {isa = PBXFileReference; fileEncoding = 4; lastKnownFileType = sourcecode.c.h; name = CFStream.h; path = ../../CFStream.h; sourceTree = "<group>"; };
		BB28E88821A7B230005FAFC8 /* CFUnicodePrecomposition.c */ = {isa = PBXFileReference; fileEncoding = 4; lastKnownFileType = sourcecode.c.c; name = CFUnicodePrecomposition.c; path = ../../CFUnicodePrecomposition.c; sourceTree = "<group>"; };
		BB28E88921A7B230005FAFC8 /* CFXMLParser.h */ = {isa = PBXFileReference; fileEncoding = 4; lastKnownFileType = sourcecode.c.h; name = CFXMLParser.h; path = ../../CFXMLParser.h; sourceTree = "<group>"; };
		BB28E88A21A7B230005FAFC8 /* CFStorage.c */ = {isa = PBXFileReference; fileEncoding = 4; lastKnownFileType = sourcecode.c.c; name = CFStorage.c; path = ../../CFStorage.c; sourceTree = "<group>"; };
		BB28E88B21A7B231005FAFC8 /* CFXMLTree.c */ = {isa = PBXFileReference; fileEncoding = 4; lastKnownFileType = sourcecode.c.c; name = CFXMLTree.c; path = ../../CFXMLTree.c; sourceTree = "<group>"; };
		BB28E88C21A7B231005FAFC8 /* CFCharacterSet.h */ = {isa = PBXFileReference; fileEncoding = 4; lastKnownFileType = sourcecode.c.h; name = CFCharacterSet.h; path = ../../CFCharacterSet.h; sourceTree = "<group>"; };
		BB28E88E21A7B231005FAFC8 /* plconvert.c */ = {isa = PBXFileReference; fileEncoding = 4; lastKnownFileType = sourcecode.c.c; path = plconvert.c; sourceTree = "<group>"; };
		BB28E88F21A7B231005FAFC8 /* CFCharacterSetPriv.h */ = {isa = PBXFileReference; fileEncoding = 4; lastKnownFileType = sourcecode.c.h; name = CFCharacterSetPriv.h; path = ../../CFCharacterSetPriv.h; sourceTree = "<group>"; };
		BB28E89021A7B231005FAFC8 /* CFUnicodeDecomposition.c */ = {isa = PBXFileReference; fileEncoding = 4; lastKnownFileType = sourcecode.c.c; name = CFUnicodeDecomposition.c; path = ../../CFUnicodeDecomposition.c; sourceTree = "<group>"; };
		BB28E89121A7B231005FAFC8 /* CFFileUtilities.c */ = {isa = PBXFileReference; fileEncoding = 4; lastKnownFileType = sourcecode.c.c; name = CFFileUtilities.c; path = ../../CFFileUtilities.c; sourceTree = "<group>"; };
		BB28E89221A7B231005FAFC8 /* CFICULogging.h */ = {isa = PBXFileReference; fileEncoding = 4; lastKnownFileType = sourcecode.c.h; name = CFICULogging.h; path = ../../CFICULogging.h; sourceTree = "<group>"; };
		BB28E89321A7B231005FAFC8 /* CFTimeZone.h */ = {isa = PBXFileReference; fileEncoding = 4; lastKnownFileType = sourcecode.c.h; name = CFTimeZone.h; path = ../../CFTimeZone.h; sourceTree = "<group>"; };
		BB28E89421A7B231005FAFC8 /* CFBurstTrie.c */ = {isa = PBXFileReference; fileEncoding = 4; lastKnownFileType = sourcecode.c.c; name = CFBurstTrie.c; path = ../../CFBurstTrie.c; sourceTree = "<group>"; };
		BB28E89521A7B231005FAFC8 /* CFStringEncodingConverterExt.h */ = {isa = PBXFileReference; fileEncoding = 4; lastKnownFileType = sourcecode.c.h; name = CFStringEncodingConverterExt.h; path = ../../CFStringEncodingConverterExt.h; sourceTree = "<group>"; };
		BB28E89621A7B231005FAFC8 /* CFDateFormatter.h */ = {isa = PBXFileReference; fileEncoding = 4; lastKnownFileType = sourcecode.c.h; name = CFDateFormatter.h; path = ../../CFDateFormatter.h; sourceTree = "<group>"; };
		BB28E89721A7B231005FAFC8 /* CFUUID.h */ = {isa = PBXFileReference; fileEncoding = 4; lastKnownFileType = sourcecode.c.h; name = CFUUID.h; path = ../../CFUUID.h; sourceTree = "<group>"; };
		BB28E89821A7B231005FAFC8 /* CFRunLoop.h */ = {isa = PBXFileReference; fileEncoding = 4; lastKnownFileType = sourcecode.c.h; path = CFRunLoop.h; sourceTree = "<group>"; };
		BB28E89921A7B231005FAFC8 /* CFCalendar.c */ = {isa = PBXFileReference; fileEncoding = 4; lastKnownFileType = sourcecode.c.c; name = CFCalendar.c; path = ../../CFCalendar.c; sourceTree = "<group>"; };
		BB28E89A21A7B231005FAFC8 /* CFDate.c */ = {isa = PBXFileReference; fileEncoding = 4; lastKnownFileType = sourcecode.c.c; name = CFDate.c; path = ../../CFDate.c; sourceTree = "<group>"; };
		BB28E89B21A7B231005FAFC8 /* CFBundle_BinaryTypes.h */ = {isa = PBXFileReference; fileEncoding = 4; lastKnownFileType = sourcecode.c.h; path = CFBundle_BinaryTypes.h; sourceTree = "<group>"; };
		BB28E89C21A7B231005FAFC8 /* README_CFLITE */ = {isa = PBXFileReference; fileEncoding = 4; lastKnownFileType = text; name = README_CFLITE; path = ../../README_CFLITE; sourceTree = "<group>"; };
		BB28E89D21A7B231005FAFC8 /* CFPlugIn.h */ = {isa = PBXFileReference; fileEncoding = 4; lastKnownFileType = sourcecode.c.h; name = CFPlugIn.h; path = ../../CFPlugIn.h; sourceTree = "<group>"; };
		BB28E89E21A7B231005FAFC8 /* CFStreamPriv.h */ = {isa = PBXFileReference; fileEncoding = 4; lastKnownFileType = sourcecode.c.h; name = CFStreamPriv.h; path = ../../CFStreamPriv.h; sourceTree = "<group>"; };
		BB28E89F21A7B231005FAFC8 /* CFLogUtilities.h */ = {isa = PBXFileReference; fileEncoding = 4; lastKnownFileType = sourcecode.c.h; name = CFLogUtilities.h; path = ../../CFLogUtilities.h; sourceTree = "<group>"; };
		BB28E8A021A7B231005FAFC8 /* CFOldStylePList.c */ = {isa = PBXFileReference; fileEncoding = 4; lastKnownFileType = sourcecode.c.c; name = CFOldStylePList.c; path = ../../CFOldStylePList.c; sourceTree = "<group>"; };
		BB28E8A121A7B231005FAFC8 /* SymbolAliases */ = {isa = PBXFileReference; fileEncoding = 4; lastKnownFileType = text; name = SymbolAliases; path = ../../SymbolAliases; sourceTree = "<group>"; };
		BB28E8A221A7B231005FAFC8 /* CFBundle_Internal.h */ = {isa = PBXFileReference; fileEncoding = 4; lastKnownFileType = sourcecode.c.h; path = CFBundle_Internal.h; sourceTree = "<group>"; };
		BB28E8A321A7B231005FAFC8 /* CFStringEncodingConverter.c */ = {isa = PBXFileReference; fileEncoding = 4; lastKnownFileType = sourcecode.c.c; name = CFStringEncodingConverter.c; path = ../../CFStringEncodingConverter.c; sourceTree = "<group>"; };
		BB28E8A421A7B231005FAFC8 /* CFError.h */ = {isa = PBXFileReference; fileEncoding = 4; lastKnownFileType = sourcecode.c.h; name = CFError.h; path = ../../CFError.h; sourceTree = "<group>"; };
		BB28E8A521A7B231005FAFC8 /* CFURLAccess.h */ = {isa = PBXFileReference; fileEncoding = 4; lastKnownFileType = sourcecode.c.h; name = CFURLAccess.h; path = ../../CFURLAccess.h; sourceTree = "<group>"; };
		BB28E8A621A7B231005FAFC8 /* Info.plist */ = {isa = PBXFileReference; fileEncoding = 4; lastKnownFileType = text.plist.xml; name = Info.plist; path = ../../Info.plist; sourceTree = "<group>"; };
		BB28E8A721A7B231005FAFC8 /* plconvert.c */ = {isa = PBXFileReference; fileEncoding = 4; lastKnownFileType = sourcecode.c.c; name = plconvert.c; path = ../../plconvert.c; sourceTree = "<group>"; };
		BB28E8A821A7B231005FAFC8 /* CFSystemDirectories.c */ = {isa = PBXFileReference; fileEncoding = 4; lastKnownFileType = sourcecode.c.c; name = CFSystemDirectories.c; path = ../../CFSystemDirectories.c; sourceTree = "<group>"; };
		BB28E8A921A7B231005FAFC8 /* CFBag.c */ = {isa = PBXFileReference; fileEncoding = 4; lastKnownFileType = sourcecode.c.c; name = CFBag.c; path = ../../CFBag.c; sourceTree = "<group>"; };
		BB28E8AA21A7B231005FAFC8 /* CFStringEncodingConverterPriv.h */ = {isa = PBXFileReference; fileEncoding = 4; lastKnownFileType = sourcecode.c.h; name = CFStringEncodingConverterPriv.h; path = ../../CFStringEncodingConverterPriv.h; sourceTree = "<group>"; };
		BB28E8AB21A7B231005FAFC8 /* CFStreamAbstract.h */ = {isa = PBXFileReference; fileEncoding = 4; lastKnownFileType = sourcecode.c.h; name = CFStreamAbstract.h; path = ../../CFStreamAbstract.h; sourceTree = "<group>"; };
		BB28E8AC21A7B231005FAFC8 /* CoreFoundation_Prefix.h */ = {isa = PBXFileReference; fileEncoding = 4; lastKnownFileType = sourcecode.c.h; name = CoreFoundation_Prefix.h; path = ../../CoreFoundation_Prefix.h; sourceTree = "<group>"; };
		BB28E8AD21A7B231005FAFC8 /* CFRunLoop.c */ = {isa = PBXFileReference; fileEncoding = 4; lastKnownFileType = sourcecode.c.c; path = CFRunLoop.c; sourceTree = "<group>"; };
		BB28E8AE21A7B231005FAFC8 /* CFBitVector.h */ = {isa = PBXFileReference; fileEncoding = 4; lastKnownFileType = sourcecode.c.h; name = CFBitVector.h; path = ../../CFBitVector.h; sourceTree = "<group>"; };
		BB28E8AF21A7B231005FAFC8 /* CFRuntime.c */ = {isa = PBXFileReference; fileEncoding = 4; lastKnownFileType = sourcecode.c.c; path = CFRuntime.c; sourceTree = "<group>"; };
		BB28E8B021A7B231005FAFC8 /* CFDate.h */ = {isa = PBXFileReference; fileEncoding = 4; lastKnownFileType = sourcecode.c.h; name = CFDate.h; path = ../../CFDate.h; sourceTree = "<group>"; };
		BB28E8B121A7B231005FAFC8 /* CFLocaleKeys.c */ = {isa = PBXFileReference; fileEncoding = 4; lastKnownFileType = sourcecode.c.c; name = CFLocaleKeys.c; path = ../../CFLocaleKeys.c; sourceTree = "<group>"; };
		BB28E8B221A7B231005FAFC8 /* CFPlatform.c */ = {isa = PBXFileReference; fileEncoding = 4; lastKnownFileType = sourcecode.c.c; name = CFPlatform.c; path = ../../CFPlatform.c; sourceTree = "<group>"; };
		BB28E8B321A7B231005FAFC8 /* CFMessagePort.c */ = {isa = PBXFileReference; fileEncoding = 4; lastKnownFileType = sourcecode.c.c; path = CFMessagePort.c; sourceTree = "<group>"; };
		BB28E8B421A7B231005FAFC8 /* CFUnicodeData-B.mapping */ = {isa = PBXFileReference; lastKnownFileType = file; name = "CFUnicodeData-B.mapping"; path = "../../CFUnicodeData-B.mapping"; sourceTree = "<group>"; };
		BB28E8B521A7B231005FAFC8 /* CFBasicHash.h */ = {isa = PBXFileReference; fileEncoding = 4; lastKnownFileType = sourcecode.c.h; path = CFBasicHash.h; sourceTree = "<group>"; };
		BB28E8B621A7B231005FAFC8 /* CFMachPort.h */ = {isa = PBXFileReference; fileEncoding = 4; lastKnownFileType = sourcecode.c.h; path = CFMachPort.h; sourceTree = "<group>"; };
		BB28E8B721A7B231005FAFC8 /* CFBase.c */ = {isa = PBXFileReference; fileEncoding = 4; lastKnownFileType = sourcecode.c.c; path = CFBase.c; sourceTree = "<group>"; };
		BB28E8B821A7B231005FAFC8 /* CFPropertyList.c */ = {isa = PBXFileReference; fileEncoding = 4; lastKnownFileType = sourcecode.c.c; name = CFPropertyList.c; path = ../../CFPropertyList.c; sourceTree = "<group>"; };
		BB28E8B921A7B231005FAFC8 /* CFUnicodePrecomposition.h */ = {isa = PBXFileReference; fileEncoding = 4; lastKnownFileType = sourcecode.c.h; name = CFUnicodePrecomposition.h; path = ../../CFUnicodePrecomposition.h; sourceTree = "<group>"; };
		BB28E8BA21A7B231005FAFC8 /* CFTimeZone.c */ = {isa = PBXFileReference; fileEncoding = 4; lastKnownFileType = sourcecode.c.c; name = CFTimeZone.c; path = ../../CFTimeZone.c; sourceTree = "<group>"; };
		BB28E8BB21A7B231005FAFC8 /* CFSocketStream.c */ = {isa = PBXFileReference; fileEncoding = 4; lastKnownFileType = sourcecode.c.c; name = CFSocketStream.c; path = ../../CFSocketStream.c; sourceTree = "<group>"; };
		BB28E8BC21A7B231005FAFC8 /* CFSet.c */ = {isa = PBXFileReference; fileEncoding = 4; lastKnownFileType = sourcecode.c.c; name = CFSet.c; path = ../../CFSet.c; sourceTree = "<group>"; };
		BB28E8BD21A7B231005FAFC8 /* CFPlugIn_Instance.c */ = {isa = PBXFileReference; fileEncoding = 4; lastKnownFileType = sourcecode.c.c; name = CFPlugIn_Instance.c; path = ../../CFPlugIn_Instance.c; sourceTree = "<group>"; };
		BB28E8BE21A7B231005FAFC8 /* Makefile */ = {isa = PBXFileReference; fileEncoding = 4; lastKnownFileType = sourcecode.make; name = Makefile; path = ../../Makefile; sourceTree = "<group>"; };
		BB28E8BF21A7B232005FAFC8 /* CFXMLInputStream.c */ = {isa = PBXFileReference; fileEncoding = 4; lastKnownFileType = sourcecode.c.c; name = CFXMLInputStream.c; path = ../../CFXMLInputStream.c; sourceTree = "<group>"; };
		BB28E8C021A7B232005FAFC8 /* CFBundle.c */ = {isa = PBXFileReference; fileEncoding = 4; lastKnownFileType = sourcecode.c.c; path = CFBundle.c; sourceTree = "<group>"; };
		BB28E8C121A7B232005FAFC8 /* CFBundle_Grok.c */ = {isa = PBXFileReference; fileEncoding = 4; lastKnownFileType = sourcecode.c.c; path = CFBundle_Grok.c; sourceTree = "<group>"; };
		BB28E8C221A7B232005FAFC8 /* CFDictionary.h */ = {isa = PBXFileReference; fileEncoding = 4; lastKnownFileType = sourcecode.c.h; path = CFDictionary.h; sourceTree = "<group>"; };
		BB28E8C321A7B232005FAFC8 /* CFUniChar.c */ = {isa = PBXFileReference; fileEncoding = 4; lastKnownFileType = sourcecode.c.c; name = CFUniChar.c; path = ../../CFUniChar.c; sourceTree = "<group>"; };
		BB28E8C421A7B232005FAFC8 /* CFStringUtilities.c */ = {isa = PBXFileReference; fileEncoding = 4; lastKnownFileType = sourcecode.c.c; name = CFStringUtilities.c; path = ../../CFStringUtilities.c; sourceTree = "<group>"; };
		BB28E8C521A7B232005FAFC8 /* CoreFoundation.h */ = {isa = PBXFileReference; fileEncoding = 4; lastKnownFileType = sourcecode.c.h; name = CoreFoundation.h; path = ../../CoreFoundation.h; sourceTree = "<group>"; };
		BB28E8C621A7B232005FAFC8 /* CFPlugIn.c */ = {isa = PBXFileReference; fileEncoding = 4; lastKnownFileType = sourcecode.c.c; name = CFPlugIn.c; path = ../../CFPlugIn.c; sourceTree = "<group>"; };
		BB28E8C721A7B232005FAFC8 /* CFBundle_InfoPlist.c */ = {isa = PBXFileReference; fileEncoding = 4; lastKnownFileType = sourcecode.c.c; path = CFBundle_InfoPlist.c; sourceTree = "<group>"; };
		BB28E8C821A7B232005FAFC8 /* CFUtilities.c */ = {isa = PBXFileReference; fileEncoding = 4; lastKnownFileType = sourcecode.c.c; name = CFUtilities.c; path = ../../CFUtilities.c; sourceTree = "<group>"; };
		BB28E8C921A7B232005FAFC8 /* CFUtilities.h */ = {isa = PBXFileReference; fileEncoding = 4; lastKnownFileType = sourcecode.c.h; name = CFUtilities.h; path = ../../CFUtilities.h; sourceTree = "<group>"; };
		BB28E8CA21A7B232005FAFC8 /* CFUniCharPropertyDatabase.data */ = {isa = PBXFileReference; lastKnownFileType = file; name = CFUniCharPropertyDatabase.data; path = ../../CFUniCharPropertyDatabase.data; sourceTree = "<group>"; };
		BB28E8CB21A7B232005FAFC8 /* CFSocket.h */ = {isa = PBXFileReference; fileEncoding = 4; lastKnownFileType = sourcecode.c.h; name = CFSocket.h; path = ../../CFSocket.h; sourceTree = "<group>"; };
		BB28E8CC21A7B232005FAFC8 /* CFString.c */ = {isa = PBXFileReference; fileEncoding = 4; lastKnownFileType = sourcecode.c.c; name = CFString.c; path = ../../CFString.c; sourceTree = "<group>"; };
		BB28E8CD21A7B232005FAFC8 /* CFXMLInputStream.h */ = {isa = PBXFileReference; fileEncoding = 4; lastKnownFileType = sourcecode.c.h; name = CFXMLInputStream.h; path = ../../CFXMLInputStream.h; sourceTree = "<group>"; };
		BB28E8CE21A7B232005FAFC8 /* CFSet.h */ = {isa = PBXFileReference; fileEncoding = 4; lastKnownFileType = sourcecode.c.h; name = CFSet.h; path = ../../CFSet.h; sourceTree = "<group>"; };
		BB28E8CF21A7B232005FAFC8 /* CFMachPort.c */ = {isa = PBXFileReference; fileEncoding = 4; lastKnownFileType = sourcecode.c.c; path = CFMachPort.c; sourceTree = "<group>"; };
		BB28E8D021A7B232005FAFC8 /* CFUserNotification.c */ = {isa = PBXFileReference; fileEncoding = 4; lastKnownFileType = sourcecode.c.c; name = CFUserNotification.c; path = ../../CFUserNotification.c; sourceTree = "<group>"; };
		BB28E8D121A7B232005FAFC8 /* CFBundle_Locale.c */ = {isa = PBXFileReference; fileEncoding = 4; lastKnownFileType = sourcecode.c.c; path = CFBundle_Locale.c; sourceTree = "<group>"; };
		BB28E8D221A7B232005FAFC8 /* CFICUConverters.c */ = {isa = PBXFileReference; fileEncoding = 4; lastKnownFileType = sourcecode.c.c; name = CFICUConverters.c; path = ../../CFICUConverters.c; sourceTree = "<group>"; };
		BB28E8D321A7B232005FAFC8 /* CFApplicationPreferences.c */ = {isa = PBXFileReference; fileEncoding = 4; lastKnownFileType = sourcecode.c.c; name = CFApplicationPreferences.c; path = ../../CFApplicationPreferences.c; sourceTree = "<group>"; };
		BB28E8D421A7B232005FAFC8 /* CFPropertyList.h */ = {isa = PBXFileReference; fileEncoding = 4; lastKnownFileType = sourcecode.c.h; name = CFPropertyList.h; path = ../../CFPropertyList.h; sourceTree = "<group>"; };
		BB28E8D521A7B232005FAFC8 /* CFBundlePriv.h */ = {isa = PBXFileReference; fileEncoding = 4; lastKnownFileType = sourcecode.c.h; path = CFBundlePriv.h; sourceTree = "<group>"; };
		BB28E93221A7B3BC005FAFC8 /* CFRunLoop_Timer.h */ = {isa = PBXFileReference; lastKnownFileType = sourcecode.c.h; path = CFRunLoop_Timer.h; sourceTree = "<group>"; };
		BB28E93321A7B3BC005FAFC8 /* CFRunLoop_Timer.c */ = {isa = PBXFileReference; lastKnownFileType = sourcecode.c.c; path = CFRunLoop_Timer.c; sourceTree = "<group>"; };
		BB28E93621A7B635005FAFC8 /* CFRunLoop_Utils.h */ = {isa = PBXFileReference; lastKnownFileType = sourcecode.c.h; path = CFRunLoop_Utils.h; sourceTree = "<group>"; };
		BB28E93721A7B635005FAFC8 /* CFRunLoop_Utils.c */ = {isa = PBXFileReference; lastKnownFileType = sourcecode.c.c; path = CFRunLoop_Utils.c; sourceTree = "<group>"; };
		BB28E93A21A7D8C9005FAFC8 /* CFRunLoop_Observers.h */ = {isa = PBXFileReference; lastKnownFileType = sourcecode.c.h; path = CFRunLoop_Observers.h; sourceTree = "<group>"; };
		BB28E93B21A7D8C9005FAFC8 /* CFRunLoop_Observers.c */ = {isa = PBXFileReference; lastKnownFileType = sourcecode.c.c; path = CFRunLoop_Observers.c; sourceTree = "<group>"; };
		BB28E93D21A7DA19005FAFC8 /* CFRunLoop_Clean.h */ = {isa = PBXFileReference; lastKnownFileType = sourcecode.c.h; path = CFRunLoop_Clean.h; sourceTree = "<group>"; };
		BB28E93E21A7DA19005FAFC8 /* CFRunLoop_Clean.c */ = {isa = PBXFileReference; lastKnownFileType = sourcecode.c.c; path = CFRunLoop_Clean.c; sourceTree = "<group>"; };
		BB28E94021ABA19A005FAFC8 /* CFRunLoop_Run.h */ = {isa = PBXFileReference; lastKnownFileType = sourcecode.c.h; path = CFRunLoop_Run.h; sourceTree = "<group>"; };
		BB28E94121ABA19A005FAFC8 /* CFRunLoop_Run.c */ = {isa = PBXFileReference; lastKnownFileType = sourcecode.c.c; path = CFRunLoop_Run.c; sourceTree = "<group>"; };
		BB28E94321ABABF7005FAFC8 /* CFRunLoop_Source.h */ = {isa = PBXFileReference; lastKnownFileType = sourcecode.c.h; path = CFRunLoop_Source.h; sourceTree = "<group>"; };
		BB28E94421ABABF7005FAFC8 /* CFRunLoop_Source.c */ = {isa = PBXFileReference; lastKnownFileType = sourcecode.c.c; path = CFRunLoop_Source.c; sourceTree = "<group>"; };
		BB28E94721ABC015005FAFC8 /* CFRunLoop_Mode.h */ = {isa = PBXFileReference; lastKnownFileType = sourcecode.c.h; path = CFRunLoop_Mode.h; sourceTree = "<group>"; };
		BB28E94821ABC015005FAFC8 /* CFRunLoop_Mode.c */ = {isa = PBXFileReference; lastKnownFileType = sourcecode.c.c; path = CFRunLoop_Mode.c; sourceTree = "<group>"; };
		BB28E94A21ABC16C005FAFC8 /* CFRunLoop_Block.h */ = {isa = PBXFileReference; lastKnownFileType = sourcecode.c.h; path = CFRunLoop_Block.h; sourceTree = "<group>"; };
		BB28E94B21ABC16C005FAFC8 /* CFRunLoop_Block.c */ = {isa = PBXFileReference; lastKnownFileType = sourcecode.c.c; path = CFRunLoop_Block.c; sourceTree = "<group>"; };
		BB28E94D21ABC3A8005FAFC8 /* CFRunLoop_Do.h */ = {isa = PBXFileReference; lastKnownFileType = sourcecode.c.h; path = CFRunLoop_Do.h; sourceTree = "<group>"; };
		BB28E94E21ABC3A8005FAFC8 /* CFRunLoop_Do.c */ = {isa = PBXFileReference; lastKnownFileType = sourcecode.c.c; path = CFRunLoop_Do.c; sourceTree = "<group>"; };
		BB28E95021ABC581005FAFC8 /* CFRunLoop_main queue.h */ = {isa = PBXFileReference; lastKnownFileType = sourcecode.c.h; path = "CFRunLoop_main queue.h"; sourceTree = "<group>"; };
		BB28E95121ABC581005FAFC8 /* CFRunLoop_main queue.c */ = {isa = PBXFileReference; lastKnownFileType = sourcecode.c.c; path = "CFRunLoop_main queue.c"; sourceTree = "<group>"; };
		BB28E95321ABEB77005FAFC8 /* CFRunLoop_Lock.h */ = {isa = PBXFileReference; lastKnownFileType = sourcecode.c.h; path = CFRunLoop_Lock.h; sourceTree = "<group>"; };
		BB28E95421ABEB77005FAFC8 /* CFRunLoop_Lock.c */ = {isa = PBXFileReference; lastKnownFileType = sourcecode.c.c; path = CFRunLoop_Lock.c; sourceTree = "<group>"; };
		BB28E95921ABEE5F005FAFC8 /* CF.app */ = {isa = PBXFileReference; explicitFileType = wrapper.application; includeInIndex = 0; path = CF.app; sourceTree = BUILT_PRODUCTS_DIR; };
		BB28E95A21ABEE5F005FAFC8 /* CFTests.xctest */ = {isa = PBXFileReference; explicitFileType = wrapper.cfbundle; includeInIndex = 0; path = CFTests.xctest; sourceTree = BUILT_PRODUCTS_DIR; };
		BB28E95B21ABEE5F005FAFC8 /* CFUITests.xctest */ = {isa = PBXFileReference; explicitFileType = wrapper.cfbundle; includeInIndex = 0; path = CFUITests.xctest; sourceTree = BUILT_PRODUCTS_DIR; };
		BB319E3321E09E2800A3E8F6 /* CFRunLoop_Timer_Trigger.h */ = {isa = PBXFileReference; lastKnownFileType = sourcecode.c.h; path = CFRunLoop_Timer_Trigger.h; sourceTree = "<group>"; };
		BB319E3421E09E2800A3E8F6 /* CFRunLoop_Timer_Trigger.c */ = {isa = PBXFileReference; lastKnownFileType = sourcecode.c.c; path = CFRunLoop_Timer_Trigger.c; sourceTree = "<group>"; };
		BB319E3621E0BEEA00A3E8F6 /* CFRunLoop_Timer_Add.h */ = {isa = PBXFileReference; lastKnownFileType = sourcecode.c.h; path = CFRunLoop_Timer_Add.h; sourceTree = "<group>"; };
		BB319E3721E0BEEA00A3E8F6 /* CFRunLoop_Timer_Add.c */ = {isa = PBXFileReference; lastKnownFileType = sourcecode.c.c; path = CFRunLoop_Timer_Add.c; sourceTree = "<group>"; };
/* End PBXFileReference section */

/* Begin PBXFrameworksBuildPhase section */
		D54E6D6620B7A826004B2DE1 /* Frameworks */ = {
			isa = PBXFrameworksBuildPhase;
			buildActionMask = 2147483647;
			files = (
			);
			runOnlyForDeploymentPostprocessing = 0;
		};
		D54E6D7E20B7A828004B2DE1 /* Frameworks */ = {
			isa = PBXFrameworksBuildPhase;
			buildActionMask = 2147483647;
			files = (
			);
			runOnlyForDeploymentPostprocessing = 0;
		};
		D54E6D8920B7A828004B2DE1 /* Frameworks */ = {
			isa = PBXFrameworksBuildPhase;
			buildActionMask = 2147483647;
			files = (
			);
			runOnlyForDeploymentPostprocessing = 0;
		};
/* End PBXFrameworksBuildPhase section */

/* Begin PBXGroup section */
		BB28E82E21A7B21C005FAFC8 /* New Group */ = {
			isa = PBXGroup;
			children = (
				BB28E94621ABBB6B005FAFC8 /* Base */,
				BB28E93921A7C580005FAFC8 /* collection */,
				BB28E93521A7B557005FAFC8 /* bundle */,
				BB28E93121A7B36D005FAFC8 /* runloop */,
				BB28E88221A7B230005FAFC8 /* APPLE_LICENSE */,
				BB28E8D321A7B232005FAFC8 /* CFApplicationPreferences.c */,
				BB28E83221A7B22C005FAFC8 /* CFArray.c */,
				BB28E83A21A7B22C005FAFC8 /* CFArray.h */,
				BB28E83321A7B22C005FAFC8 /* CFAvailability.h */,
				BB28E8A921A7B231005FAFC8 /* CFBag.c */,
				BB28E86121A7B22E005FAFC8 /* CFBag.h */,
				BB28E86621A7B22F005FAFC8 /* CFBigNumber.c */,
				BB28E85021A7B22D005FAFC8 /* CFBigNumber.h */,
				BB28E88621A7B230005FAFC8 /* CFBinaryHeap.c */,
				BB28E85121A7B22D005FAFC8 /* CFBinaryHeap.h */,
				BB28E84121A7B22D005FAFC8 /* CFBinaryPList.c */,
				BB28E83E21A7B22C005FAFC8 /* CFBitVector.c */,
				BB28E8AE21A7B231005FAFC8 /* CFBitVector.h */,
				BB28E87121A7B22F005FAFC8 /* CFBuiltinConverters.c */,
				BB28E89421A7B231005FAFC8 /* CFBurstTrie.c */,
				BB28E85821A7B22E005FAFC8 /* CFBurstTrie.h */,
				BB28E88521A7B230005FAFC8 /* CFByteOrder.h */,
				BB28E89921A7B231005FAFC8 /* CFCalendar.c */,
				BB28E83F21A7B22D005FAFC8 /* CFCalendar.h */,
				BB28E84821A7B22D005FAFC8 /* CFCharacterSet.c */,
				BB28E88C21A7B231005FAFC8 /* CFCharacterSet.h */,
				BB28E87D21A7B230005FAFC8 /* CFCharacterSetBitmaps.bitmap */,
				BB28E88F21A7B231005FAFC8 /* CFCharacterSetPriv.h */,
				BB28E87021A7B22F005FAFC8 /* CFConcreteStreams.c */,
				BB28E82F21A7B22C005FAFC8 /* CFData.c */,
				BB28E84021A7B22D005FAFC8 /* CFData.h */,
				BB28E89A21A7B231005FAFC8 /* CFDate.c */,
				BB28E8B021A7B231005FAFC8 /* CFDate.h */,
				BB28E87C21A7B230005FAFC8 /* CFDateFormatter.c */,
				BB28E89621A7B231005FAFC8 /* CFDateFormatter.h */,
				BB28E88321A7B230005FAFC8 /* CFError_Private.h */,
				BB28E84221A7B22D005FAFC8 /* CFError.c */,
				BB28E8A421A7B231005FAFC8 /* CFError.h */,
				BB28E89121A7B231005FAFC8 /* CFFileUtilities.c */,
				BB28E8D221A7B232005FAFC8 /* CFICUConverters.c */,
				BB28E83C21A7B22C005FAFC8 /* CFICUConverters.h */,
				BB28E89221A7B231005FAFC8 /* CFICULogging.h */,
				BB28E85F21A7B22E005FAFC8 /* CFInternal.h */,
				BB28E86521A7B22F005FAFC8 /* CFLocale.c */,
				BB28E88421A7B230005FAFC8 /* CFLocale.h */,
				BB28E87621A7B230005FAFC8 /* CFLocaleIdentifier.c */,
				BB28E85721A7B22E005FAFC8 /* CFLocaleInternal.h */,
				BB28E8B121A7B231005FAFC8 /* CFLocaleKeys.c */,
				BB28E89F21A7B231005FAFC8 /* CFLogUtilities.h */,
				BB28E87221A7B22F005FAFC8 /* CFNumber.c */,
				BB28E83121A7B22C005FAFC8 /* CFNumber.h */,
				BB28E84921A7B22D005FAFC8 /* CFNumberFormatter.c */,
				BB28E85B21A7B22E005FAFC8 /* CFNumberFormatter.h */,
				BB28E8A021A7B231005FAFC8 /* CFOldStylePList.c */,
				BB28E8B221A7B231005FAFC8 /* CFPlatform.c */,
				BB28E85521A7B22E005FAFC8 /* CFPlatformConverters.c */,
				BB28E86A21A7B22F005FAFC8 /* CFPlugIn_Factory.c */,
				BB28E86421A7B22E005FAFC8 /* CFPlugIn_Factory.h */,
				BB28E8BD21A7B231005FAFC8 /* CFPlugIn_Instance.c */,
				BB28E87321A7B22F005FAFC8 /* CFPlugIn_PlugIn.c */,
				BB28E8C621A7B232005FAFC8 /* CFPlugIn.c */,
				BB28E89D21A7B231005FAFC8 /* CFPlugIn.h */,
				BB28E84721A7B22D005FAFC8 /* CFPlugInCOM.h */,
				BB28E85E21A7B22E005FAFC8 /* CFPreferences.c */,
				BB28E86821A7B22F005FAFC8 /* CFPreferences.h */,
				BB28E84E21A7B22D005FAFC8 /* CFPriv.h */,
				BB28E8B821A7B231005FAFC8 /* CFPropertyList.c */,
				BB28E8D421A7B232005FAFC8 /* CFPropertyList.h */,
				BB28E8BC21A7B231005FAFC8 /* CFSet.c */,
				BB28E8CE21A7B232005FAFC8 /* CFSet.h */,
				BB28E85221A7B22D005FAFC8 /* CFSocket.c */,
				BB28E8CB21A7B232005FAFC8 /* CFSocket.h */,
				BB28E8BB21A7B231005FAFC8 /* CFSocketStream.c */,
				BB28E85A21A7B22E005FAFC8 /* CFSortFunctions.c */,
				BB28E88A21A7B230005FAFC8 /* CFStorage.c */,
				BB28E87721A7B230005FAFC8 /* CFStorage.h */,
				BB28E84B21A7B22D005FAFC8 /* CFStream.c */,
				BB28E88721A7B230005FAFC8 /* CFStream.h */,
				BB28E8AB21A7B231005FAFC8 /* CFStreamAbstract.h */,
				BB28E84C21A7B22D005FAFC8 /* CFStreamInternal.h */,
				BB28E89E21A7B231005FAFC8 /* CFStreamPriv.h */,
				BB28E8CC21A7B232005FAFC8 /* CFString.c */,
				BB28E87421A7B22F005FAFC8 /* CFString.h */,
				BB28E86221A7B22E005FAFC8 /* CFStringDefaultEncoding.h */,
				BB28E8A321A7B231005FAFC8 /* CFStringEncodingConverter.c */,
				BB28E86B21A7B22F005FAFC8 /* CFStringEncodingConverter.h */,
				BB28E89521A7B231005FAFC8 /* CFStringEncodingConverterExt.h */,
				BB28E8AA21A7B231005FAFC8 /* CFStringEncodingConverterPriv.h */,
				BB28E87521A7B230005FAFC8 /* CFStringEncodingDatabase.c */,
				BB28E84F21A7B22D005FAFC8 /* CFStringEncodingDatabase.h */,
				BB28E85321A7B22D005FAFC8 /* CFStringEncodingExt.h */,
				BB28E85421A7B22E005FAFC8 /* CFStringEncodings.c */,
				BB28E84D21A7B22D005FAFC8 /* CFStringScanner.c */,
				BB28E8C421A7B232005FAFC8 /* CFStringUtilities.c */,
				BB28E8A821A7B231005FAFC8 /* CFSystemDirectories.c */,
				BB28E8BA21A7B231005FAFC8 /* CFTimeZone.c */,
				BB28E89321A7B231005FAFC8 /* CFTimeZone.h */,
				BB28E83421A7B22C005FAFC8 /* CFTree.c */,
				BB28E84521A7B22D005FAFC8 /* CFTree.h */,
				BB28E8C321A7B232005FAFC8 /* CFUniChar.c */,
				BB28E86721A7B22F005FAFC8 /* CFUniChar.h */,
				BB28E83521A7B22C005FAFC8 /* CFUniCharPriv.h */,
				BB28E8CA21A7B232005FAFC8 /* CFUniCharPropertyDatabase.data */,
				BB28E8B421A7B231005FAFC8 /* CFUnicodeData-B.mapping */,
				BB28E83B21A7B22C005FAFC8 /* CFUnicodeData-L.mapping */,
				BB28E89021A7B231005FAFC8 /* CFUnicodeDecomposition.c */,
				BB28E86321A7B22E005FAFC8 /* CFUnicodeDecomposition.h */,
				BB28E88821A7B230005FAFC8 /* CFUnicodePrecomposition.c */,
				BB28E8B921A7B231005FAFC8 /* CFUnicodePrecomposition.h */,
				BB28E83921A7B22C005FAFC8 /* CFURL.c */,
				BB28E83621A7B22C005FAFC8 /* CFURL.h */,
				BB28E84421A7B22D005FAFC8 /* CFURL.inc.h */,
				BB28E83721A7B22C005FAFC8 /* CFURLAccess.c */,
				BB28E8A521A7B231005FAFC8 /* CFURLAccess.h */,
				BB28E87821A7B230005FAFC8 /* CFURLPriv.h */,
				BB28E8D021A7B232005FAFC8 /* CFUserNotification.c */,
				BB28E87921A7B230005FAFC8 /* CFUserNotification.h */,
				BB28E8C821A7B232005FAFC8 /* CFUtilities.c */,
				BB28E8C921A7B232005FAFC8 /* CFUtilities.h */,
				BB28E87A21A7B230005FAFC8 /* CFUUID.c */,
				BB28E89721A7B231005FAFC8 /* CFUUID.h */,
				BB28E83821A7B22C005FAFC8 /* CFVersion.c */,
				BB28E87E21A7B230005FAFC8 /* CFWindowsUtilities.c */,
				BB28E8BF21A7B232005FAFC8 /* CFXMLInputStream.c */,
				BB28E8CD21A7B232005FAFC8 /* CFXMLInputStream.h */,
				BB28E87B21A7B230005FAFC8 /* CFXMLNode.c */,
				BB28E87F21A7B230005FAFC8 /* CFXMLNode.h */,
				BB28E85C21A7B22E005FAFC8 /* CFXMLParser.c */,
				BB28E88921A7B230005FAFC8 /* CFXMLParser.h */,
				BB28E86021A7B22E005FAFC8 /* CFXMLPreferencesDomain.c */,
				BB28E88B21A7B231005FAFC8 /* CFXMLTree.c */,
				BB28E8AC21A7B231005FAFC8 /* CoreFoundation_Prefix.h */,
				BB28E8C521A7B232005FAFC8 /* CoreFoundation.h */,
				BB28E88D21A7B231005FAFC8 /* Examples */,
				BB28E84321A7B22D005FAFC8 /* ForFoundationOnly.h */,
				BB28E8A621A7B231005FAFC8 /* Info.plist */,
				BB28E8BE21A7B231005FAFC8 /* Makefile */,
				BB28E88021A7B230005FAFC8 /* MakefileLinux */,
				BB28E85621A7B22E005FAFC8 /* MakefileVersion */,
				BB28E8A721A7B231005FAFC8 /* plconvert.c */,
				BB28E84621A7B22D005FAFC8 /* PropertyList.dtd */,
				BB28E89C21A7B231005FAFC8 /* README_CFLITE */,
				BB28E8A121A7B231005FAFC8 /* SymbolAliases */,
				BB28E86921A7B22F005FAFC8 /* TargetConditionals.h */,
			);
			path = "New Group";
			sourceTree = "<group>";
		};
		BB28E88D21A7B231005FAFC8 /* Examples */ = {
			isa = PBXGroup;
			children = (
				BB28E88E21A7B231005FAFC8 /* plconvert.c */,
			);
			name = Examples;
			path = ../../Examples;
			sourceTree = "<group>";
		};
		BB28E93121A7B36D005FAFC8 /* runloop */ = {
			isa = PBXGroup;
			children = (
				BB28E8CF21A7B232005FAFC8 /* CFMachPort.c */,
				BB28E8B621A7B231005FAFC8 /* CFMachPort.h */,
				BB28E8B321A7B231005FAFC8 /* CFMessagePort.c */,
				BB28E85D21A7B22E005FAFC8 /* CFMessagePort.h */,
				BB28E8AD21A7B231005FAFC8 /* CFRunLoop.c */,
				BB28E89821A7B231005FAFC8 /* CFRunLoop.h */,
				BB28E93621A7B635005FAFC8 /* CFRunLoop_Utils.h */,
				BB28E93721A7B635005FAFC8 /* CFRunLoop_Utils.c */,
				BB28E94721ABC015005FAFC8 /* CFRunLoop_Mode.h */,
				BB28E94821ABC015005FAFC8 /* CFRunLoop_Mode.c */,
				BB28E93D21A7DA19005FAFC8 /* CFRunLoop_Clean.h */,
				BB28E93E21A7DA19005FAFC8 /* CFRunLoop_Clean.c */,
				BB28E95021ABC581005FAFC8 /* CFRunLoop_main queue.h */,
				BB28E95121ABC581005FAFC8 /* CFRunLoop_main queue.c */,
				BB28E94021ABA19A005FAFC8 /* CFRunLoop_Run.h */,
				BB28E94121ABA19A005FAFC8 /* CFRunLoop_Run.c */,
				BB28E95321ABEB77005FAFC8 /* CFRunLoop_Lock.h */,
				BB28E95421ABEB77005FAFC8 /* CFRunLoop_Lock.c */,
				BB28E94321ABABF7005FAFC8 /* CFRunLoop_Source.h */,
				BB28E94421ABABF7005FAFC8 /* CFRunLoop_Source.c */,
				BB28E93221A7B3BC005FAFC8 /* CFRunLoop_Timer.h */,
				BB28E93321A7B3BC005FAFC8 /* CFRunLoop_Timer.c */,
				BB319E3321E09E2800A3E8F6 /* CFRunLoop_Timer_Trigger.h */,
				BB319E3421E09E2800A3E8F6 /* CFRunLoop_Timer_Trigger.c */,
				BB319E3621E0BEEA00A3E8F6 /* CFRunLoop_Timer_Add.h */,
				BB319E3721E0BEEA00A3E8F6 /* CFRunLoop_Timer_Add.c */,
				BB28E94A21ABC16C005FAFC8 /* CFRunLoop_Block.h */,
				BB28E94B21ABC16C005FAFC8 /* CFRunLoop_Block.c */,
				BB28E93A21A7D8C9005FAFC8 /* CFRunLoop_Observers.h */,
				BB28E93B21A7D8C9005FAFC8 /* CFRunLoop_Observers.c */,
				BB28E94D21ABC3A8005FAFC8 /* CFRunLoop_Do.h */,
				BB28E94E21ABC3A8005FAFC8 /* CFRunLoop_Do.c */,
			);
			path = runloop;
			sourceTree = "<group>";
		};
		BB28E93521A7B557005FAFC8 /* bundle */ = {
			isa = PBXGroup;
			children = (
				BB28E83D21A7B22C005FAFC8 /* CFBundle_Binary.c */,
				BB28E89B21A7B231005FAFC8 /* CFBundle_BinaryTypes.h */,
				BB28E8C121A7B232005FAFC8 /* CFBundle_Grok.c */,
				BB28E8C721A7B232005FAFC8 /* CFBundle_InfoPlist.c */,
				BB28E8A221A7B231005FAFC8 /* CFBundle_Internal.h */,
				BB28E8D121A7B232005FAFC8 /* CFBundle_Locale.c */,
				BB28E86C21A7B22F005FAFC8 /* CFBundle_Resources.c */,
				BB28E83021A7B22C005FAFC8 /* CFBundle_Strings.c */,
				BB28E8C021A7B232005FAFC8 /* CFBundle.c */,
				BB28E86D21A7B22F005FAFC8 /* CFBundle.h */,
				BB28E8D521A7B232005FAFC8 /* CFBundlePriv.h */,
			);
			path = bundle;
			sourceTree = "<group>";
		};
		BB28E93921A7C580005FAFC8 /* collection */ = {
			isa = PBXGroup;
			children = (
				BB28E84A21A7B22D005FAFC8 /* CFDictionary.c */,
				BB28E8C221A7B232005FAFC8 /* CFDictionary.h */,
			);
			path = collection;
			sourceTree = "<group>";
		};
		BB28E94621ABBB6B005FAFC8 /* Base */ = {
			isa = PBXGroup;
			children = (
				BB28E8AF21A7B231005FAFC8 /* CFRuntime.c */,
				BB28E85921A7B22E005FAFC8 /* CFRuntime.h */,
				BB28E8B721A7B231005FAFC8 /* CFBase.c */,
				BB28E86E21A7B22F005FAFC8 /* CFBase.h */,
				BB28E86F21A7B22F005FAFC8 /* CFBasicHash.c */,
				BB28E8B521A7B231005FAFC8 /* CFBasicHash.h */,
				BB28E88121A7B230005FAFC8 /* CFBasicHashFindBucket.m */,
			);
			path = Base;
			sourceTree = "<group>";
		};
		D54E6D6020B7A826004B2DE1 = {
			isa = PBXGroup;
			children = (
				BB28E82E21A7B21C005FAFC8 /* New Group */,
				BB28E95921ABEE5F005FAFC8 /* CF.app */,
				BB28E95A21ABEE5F005FAFC8 /* CFTests.xctest */,
				BB28E95B21ABEE5F005FAFC8 /* CFUITests.xctest */,
			);
			sourceTree = "<group>";
		};
/* End PBXGroup section */

/* Begin PBXNativeTarget section */
		D54E6D6820B7A826004B2DE1 /* CF */ = {
			isa = PBXNativeTarget;
			buildConfigurationList = D54E6D9520B7A828004B2DE1 /* Build configuration list for PBXNativeTarget "CF" */;
			buildPhases = (
				D54E6D6520B7A826004B2DE1 /* Sources */,
				D54E6D6620B7A826004B2DE1 /* Frameworks */,
				D54E6D6720B7A826004B2DE1 /* Resources */,
			);
			buildRules = (
			);
			dependencies = (
			);
			name = CF;
			productName = CF;
			productReference = BB28E95921ABEE5F005FAFC8 /* CF.app */;
			productType = "com.apple.product-type.application";
		};
		D54E6D8020B7A828004B2DE1 /* CFTests */ = {
			isa = PBXNativeTarget;
			buildConfigurationList = D54E6D9820B7A828004B2DE1 /* Build configuration list for PBXNativeTarget "CFTests" */;
			buildPhases = (
				D54E6D7D20B7A828004B2DE1 /* Sources */,
				D54E6D7E20B7A828004B2DE1 /* Frameworks */,
				D54E6D7F20B7A828004B2DE1 /* Resources */,
			);
			buildRules = (
			);
			dependencies = (
				D54E6D8320B7A828004B2DE1 /* PBXTargetDependency */,
			);
			name = CFTests;
			productName = CFTests;
			productReference = BB28E95A21ABEE5F005FAFC8 /* CFTests.xctest */;
			productType = "com.apple.product-type.bundle.unit-test";
		};
		D54E6D8B20B7A828004B2DE1 /* CFUITests */ = {
			isa = PBXNativeTarget;
			buildConfigurationList = D54E6D9B20B7A828004B2DE1 /* Build configuration list for PBXNativeTarget "CFUITests" */;
			buildPhases = (
				D54E6D8820B7A828004B2DE1 /* Sources */,
				D54E6D8920B7A828004B2DE1 /* Frameworks */,
				D54E6D8A20B7A828004B2DE1 /* Resources */,
			);
			buildRules = (
			);
			dependencies = (
				D54E6D8E20B7A828004B2DE1 /* PBXTargetDependency */,
			);
			name = CFUITests;
			productName = CFUITests;
			productReference = BB28E95B21ABEE5F005FAFC8 /* CFUITests.xctest */;
			productType = "com.apple.product-type.bundle.ui-testing";
		};
/* End PBXNativeTarget section */

/* Begin PBXProject section */
		D54E6D6120B7A826004B2DE1 /* Project object */ = {
			isa = PBXProject;
			attributes = {
				LastUpgradeCheck = 0920;
				ORGANIZATIONNAME = wangjufan;
				TargetAttributes = {
					D54E6D6820B7A826004B2DE1 = {
						CreatedOnToolsVersion = 9.2;
						ProvisioningStyle = Automatic;
					};
					D54E6D8020B7A828004B2DE1 = {
						CreatedOnToolsVersion = 9.2;
						ProvisioningStyle = Automatic;
						TestTargetID = D54E6D6820B7A826004B2DE1;
					};
					D54E6D8B20B7A828004B2DE1 = {
						CreatedOnToolsVersion = 9.2;
						ProvisioningStyle = Automatic;
						TestTargetID = D54E6D6820B7A826004B2DE1;
					};
				};
			};
			buildConfigurationList = D54E6D6420B7A826004B2DE1 /* Build configuration list for PBXProject "CF" */;
			compatibilityVersion = "Xcode 8.0";
			developmentRegion = en;
			hasScannedForEncodings = 0;
			knownRegions = (
				en,
				Base,
			);
			mainGroup = D54E6D6020B7A826004B2DE1;
			productRefGroup = D54E6D6020B7A826004B2DE1;
			projectDirPath = "";
			projectRoot = "";
			targets = (
				D54E6D6820B7A826004B2DE1 /* CF */,
				D54E6D8020B7A828004B2DE1 /* CFTests */,
				D54E6D8B20B7A828004B2DE1 /* CFUITests */,
			);
		};
/* End PBXProject section */

/* Begin PBXResourcesBuildPhase section */
		D54E6D6720B7A826004B2DE1 /* Resources */ = {
			isa = PBXResourcesBuildPhase;
			buildActionMask = 2147483647;
			files = (
				BB28E8DD21A7B232005FAFC8 /* CFUnicodeData-L.mapping in Resources */,
				BB28E90221A7B232005FAFC8 /* APPLE_LICENSE in Resources */,
				BB28E91A21A7B232005FAFC8 /* CFUnicodeData-B.mapping in Resources */,
				BB28E91121A7B232005FAFC8 /* Info.plist in Resources */,
				BB28E8FE21A7B232005FAFC8 /* CFCharacterSetBitmaps.bitmap in Resources */,
				BB28E90D21A7B232005FAFC8 /* README_CFLITE in Resources */,
				BB28E8E221A7B232005FAFC8 /* PropertyList.dtd in Resources */,
				BB28E92A21A7B232005FAFC8 /* CFUniCharPropertyDatabase.data in Resources */,
				BB28E90F21A7B232005FAFC8 /* SymbolAliases in Resources */,
				BB28E8EB21A7B232005FAFC8 /* MakefileVersion in Resources */,
				BB28E90021A7B232005FAFC8 /* MakefileLinux in Resources */,
			);
			runOnlyForDeploymentPostprocessing = 0;
		};
		D54E6D7F20B7A828004B2DE1 /* Resources */ = {
			isa = PBXResourcesBuildPhase;
			buildActionMask = 2147483647;
			files = (
			);
			runOnlyForDeploymentPostprocessing = 0;
		};
		D54E6D8A20B7A828004B2DE1 /* Resources */ = {
			isa = PBXResourcesBuildPhase;
			buildActionMask = 2147483647;
			files = (
			);
			runOnlyForDeploymentPostprocessing = 0;
		};
/* End PBXResourcesBuildPhase section */

/* Begin PBXSourcesBuildPhase section */
		D54E6D6520B7A826004B2DE1 /* Sources */ = {
			isa = PBXSourcesBuildPhase;
			buildActionMask = 2147483647;
			files = (
				BB28E8ED21A7B232005FAFC8 /* CFXMLParser.c in Sources */,
				BB28E91921A7B232005FAFC8 /* CFMessagePort.c in Sources */,
				BB319E3821E0BEEA00A3E8F6 /* CFRunLoop_Timer_Add.c in Sources */,
				BB28E8EE21A7B232005FAFC8 /* CFPreferences.c in Sources */,
				BB28E92D21A7B232005FAFC8 /* CFUserNotification.c in Sources */,
				BB28E90A21A7B232005FAFC8 /* CFBurstTrie.c in Sources */,
				BB28E8F121A7B232005FAFC8 /* CFBigNumber.c in Sources */,
				BB28E92921A7B232005FAFC8 /* CFUtilities.c in Sources */,
				BB28E92B21A7B232005FAFC8 /* CFString.c in Sources */,
				BB28E92421A7B232005FAFC8 /* CFBundle_Grok.c in Sources */,
				BB28E8FD21A7B232005FAFC8 /* CFDateFormatter.c in Sources */,
				BB28E8E021A7B232005FAFC8 /* CFBinaryPList.c in Sources */,
				BB28E90921A7B232005FAFC8 /* CFFileUtilities.c in Sources */,
				BB28E90821A7B232005FAFC8 /* CFUnicodeDecomposition.c in Sources */,
				BB28E8D621A7B232005FAFC8 /* CFData.c in Sources */,
				BB28E91021A7B232005FAFC8 /* CFStringEncodingConverter.c in Sources */,
				BB28E8F421A7B232005FAFC8 /* CFBasicHash.c in Sources */,
				BB28E95521ABEB77005FAFC8 /* CFRunLoop_Lock.c in Sources */,
				BB28E8F921A7B232005FAFC8 /* CFStringEncodingDatabase.c in Sources */,
				BB28E91F21A7B232005FAFC8 /* CFSet.c in Sources */,
				BB28E93C21A7D8C9005FAFC8 /* CFRunLoop_Observers.c in Sources */,
				BB28E8E521A7B232005FAFC8 /* CFDictionary.c in Sources */,
				BB28E93F21A7DA19005FAFC8 /* CFRunLoop_Clean.c in Sources */,
				BB28E90621A7B232005FAFC8 /* CFXMLTree.c in Sources */,
				BB28E90421A7B232005FAFC8 /* CFUnicodePrecomposition.c in Sources */,
				BB28E91821A7B232005FAFC8 /* CFPlatform.c in Sources */,
				BB28E92F21A7B232005FAFC8 /* CFICUConverters.c in Sources */,
				BB28E91421A7B232005FAFC8 /* CFBag.c in Sources */,
				BB28E92821A7B232005FAFC8 /* CFBundle_InfoPlist.c in Sources */,
				BB28E8FF21A7B232005FAFC8 /* CFWindowsUtilities.c in Sources */,
				BB28E93021A7B232005FAFC8 /* CFApplicationPreferences.c in Sources */,
				BB28E91E21A7B232005FAFC8 /* CFSocketStream.c in Sources */,
				BB28E8FC21A7B232005FAFC8 /* CFXMLNode.c in Sources */,
				BB28E90B21A7B232005FAFC8 /* CFCalendar.c in Sources */,
				BB28E92221A7B232005FAFC8 /* CFXMLInputStream.c in Sources */,
				BB28E92C21A7B232005FAFC8 /* CFMachPort.c in Sources */,
				BB28E8F221A7B232005FAFC8 /* CFPlugIn_Factory.c in Sources */,
				BB28E8F821A7B232005FAFC8 /* CFPlugIn_PlugIn.c in Sources */,
				BB28E95221ABC581005FAFC8 /* CFRunLoop_main queue.c in Sources */,
				BB28E92721A7B232005FAFC8 /* CFPlugIn.c in Sources */,
				BB28E8DE21A7B232005FAFC8 /* CFBundle_Binary.c in Sources */,
				BB28E8D721A7B232005FAFC8 /* CFBundle_Strings.c in Sources */,
				BB28E8DF21A7B232005FAFC8 /* CFBitVector.c in Sources */,
				BB28E92E21A7B232005FAFC8 /* CFBundle_Locale.c in Sources */,
				BB28E8FB21A7B232005FAFC8 /* CFUUID.c in Sources */,
				BB28E92321A7B232005FAFC8 /* CFBundle.c in Sources */,
				BB28E91621A7B232005FAFC8 /* CFRuntime.c in Sources */,
				BB28E92621A7B232005FAFC8 /* CFStringUtilities.c in Sources */,
				BB28E8F721A7B232005FAFC8 /* CFNumber.c in Sources */,
				BB28E91B21A7B232005FAFC8 /* CFBase.c in Sources */,
				BB28E8E621A7B232005FAFC8 /* CFStream.c in Sources */,
				BB28E94921ABC015005FAFC8 /* CFRunLoop_Mode.c in Sources */,
				BB28E93821A7B635005FAFC8 /* CFRunLoop_Utils.c in Sources */,
				BB28E91521A7B232005FAFC8 /* CFRunLoop.c in Sources */,
				BB28E90E21A7B232005FAFC8 /* CFOldStylePList.c in Sources */,
				BB28E94C21ABC16C005FAFC8 /* CFRunLoop_Block.c in Sources */,
				BB28E8EA21A7B232005FAFC8 /* CFPlatformConverters.c in Sources */,
				BB28E92121A7B232005FAFC8 /* Makefile in Sources */,
				BB28E8F321A7B232005FAFC8 /* CFBundle_Resources.c in Sources */,
				BB28E8E821A7B232005FAFC8 /* CFSocket.c in Sources */,
				BB28E91721A7B232005FAFC8 /* CFLocaleKeys.c in Sources */,
				BB28E8E421A7B232005FAFC8 /* CFNumberFormatter.c in Sources */,
				BB28E90721A7B232005FAFC8 /* plconvert.c in Sources */,
				BB28E8EF21A7B232005FAFC8 /* CFXMLPreferencesDomain.c in Sources */,
				BB28E8D921A7B232005FAFC8 /* CFTree.c in Sources */,
				BB28E8FA21A7B232005FAFC8 /* CFLocaleIdentifier.c in Sources */,
				BB28E90C21A7B232005FAFC8 /* CFDate.c in Sources */,
				BB28E92521A7B232005FAFC8 /* CFUniChar.c in Sources */,
				BB28E91321A7B232005FAFC8 /* CFSystemDirectories.c in Sources */,
				BB28E8E921A7B232005FAFC8 /* CFStringEncodings.c in Sources */,
				BB28E90321A7B232005FAFC8 /* CFBinaryHeap.c in Sources */,
				BB319E3521E09E2800A3E8F6 /* CFRunLoop_Timer_Trigger.c in Sources */,
				BB28E8DB21A7B232005FAFC8 /* CFVersion.c in Sources */,
				BB28E90121A7B232005FAFC8 /* CFBasicHashFindBucket.m in Sources */,
				BB28E8F521A7B232005FAFC8 /* CFConcreteStreams.c in Sources */,
				BB28E91D21A7B232005FAFC8 /* CFTimeZone.c in Sources */,
				BB28E8F621A7B232005FAFC8 /* CFBuiltinConverters.c in Sources */,
				BB28E8DA21A7B232005FAFC8 /* CFURLAccess.c in Sources */,
				BB28E92021A7B232005FAFC8 /* CFPlugIn_Instance.c in Sources */,
				BB28E8DC21A7B232005FAFC8 /* CFURL.c in Sources */,
				BB28E93421A7B3BC005FAFC8 /* CFRunLoop_Timer.c in Sources */,
				BB28E8E721A7B232005FAFC8 /* CFStringScanner.c in Sources */,
				BB28E94221ABA19A005FAFC8 /* CFRunLoop_Run.c in Sources */,
				BB28E91C21A7B232005FAFC8 /* CFPropertyList.c in Sources */,
				BB28E91221A7B232005FAFC8 /* plconvert.c in Sources */,
				BB28E90521A7B232005FAFC8 /* CFStorage.c in Sources */,
				BB28E8EC21A7B232005FAFC8 /* CFSortFunctions.c in Sources */,
				BB28E94521ABABF7005FAFC8 /* CFRunLoop_Source.c in Sources */,
				BB28E8F021A7B232005FAFC8 /* CFLocale.c in Sources */,
				BB28E8D821A7B232005FAFC8 /* CFArray.c in Sources */,
				BB28E94F21ABC3A8005FAFC8 /* CFRunLoop_Do.c in Sources */,
				BB28E8E121A7B232005FAFC8 /* CFError.c in Sources */,
				BB28E8E321A7B232005FAFC8 /* CFCharacterSet.c in Sources */,
			);
			runOnlyForDeploymentPostprocessing = 0;
		};
		D54E6D7D20B7A828004B2DE1 /* Sources */ = {
			isa = PBXSourcesBuildPhase;
			buildActionMask = 2147483647;
			files = (
			);
			runOnlyForDeploymentPostprocessing = 0;
		};
		D54E6D8820B7A828004B2DE1 /* Sources */ = {
			isa = PBXSourcesBuildPhase;
			buildActionMask = 2147483647;
			files = (
			);
			runOnlyForDeploymentPostprocessing = 0;
		};
/* End PBXSourcesBuildPhase section */

/* Begin PBXTargetDependency section */
		D54E6D8320B7A828004B2DE1 /* PBXTargetDependency */ = {
			isa = PBXTargetDependency;
			target = D54E6D6820B7A826004B2DE1 /* CF */;
			targetProxy = D54E6D8220B7A828004B2DE1 /* PBXContainerItemProxy */;
		};
		D54E6D8E20B7A828004B2DE1 /* PBXTargetDependency */ = {
			isa = PBXTargetDependency;
			target = D54E6D6820B7A826004B2DE1 /* CF */;
			targetProxy = D54E6D8D20B7A828004B2DE1 /* PBXContainerItemProxy */;
		};
/* End PBXTargetDependency section */

/* Begin XCBuildConfiguration section */
		D54E6D9320B7A828004B2DE1 /* Debug */ = {
			isa = XCBuildConfiguration;
			buildSettings = {
				ALWAYS_SEARCH_USER_PATHS = NO;
				CLANG_ANALYZER_NONNULL = YES;
				CLANG_ANALYZER_NUMBER_OBJECT_CONVERSION = YES_AGGRESSIVE;
				CLANG_CXX_LANGUAGE_STANDARD = "gnu++14";
				CLANG_CXX_LIBRARY = "libc++";
				CLANG_ENABLE_MODULES = YES;
				CLANG_ENABLE_OBJC_ARC = YES;
				CLANG_WARN_BLOCK_CAPTURE_AUTORELEASING = YES;
				CLANG_WARN_BOOL_CONVERSION = YES;
				CLANG_WARN_COMMA = YES;
				CLANG_WARN_CONSTANT_CONVERSION = YES;
				CLANG_WARN_DIRECT_OBJC_ISA_USAGE = YES_ERROR;
				CLANG_WARN_DOCUMENTATION_COMMENTS = YES;
				CLANG_WARN_EMPTY_BODY = YES;
				CLANG_WARN_ENUM_CONVERSION = YES;
				CLANG_WARN_INFINITE_RECURSION = YES;
				CLANG_WARN_INT_CONVERSION = YES;
				CLANG_WARN_NON_LITERAL_NULL_CONVERSION = YES;
				CLANG_WARN_OBJC_LITERAL_CONVERSION = YES;
				CLANG_WARN_OBJC_ROOT_CLASS = YES_ERROR;
				CLANG_WARN_RANGE_LOOP_ANALYSIS = YES;
				CLANG_WARN_STRICT_PROTOTYPES = YES;
				CLANG_WARN_SUSPICIOUS_MOVE = YES;
				CLANG_WARN_UNGUARDED_AVAILABILITY = YES_AGGRESSIVE;
				CLANG_WARN_UNREACHABLE_CODE = YES;
				CLANG_WARN__DUPLICATE_METHOD_MATCH = YES;
				CODE_SIGN_IDENTITY = "iPhone Developer";
				COPY_PHASE_STRIP = NO;
				DEBUG_INFORMATION_FORMAT = dwarf;
				ENABLE_STRICT_OBJC_MSGSEND = YES;
				ENABLE_TESTABILITY = YES;
				GCC_C_LANGUAGE_STANDARD = gnu11;
				GCC_DYNAMIC_NO_PIC = NO;
				GCC_NO_COMMON_BLOCKS = YES;
				GCC_OPTIMIZATION_LEVEL = 0;
				GCC_PREPROCESSOR_DEFINITIONS = (
					"DEBUG=1",
					"$(inherited)",
				);
				GCC_WARN_64_TO_32_BIT_CONVERSION = YES;
				GCC_WARN_ABOUT_RETURN_TYPE = YES_ERROR;
				GCC_WARN_UNDECLARED_SELECTOR = YES;
				GCC_WARN_UNINITIALIZED_AUTOS = YES_AGGRESSIVE;
				GCC_WARN_UNUSED_FUNCTION = YES;
				GCC_WARN_UNUSED_VARIABLE = YES;
				IPHONEOS_DEPLOYMENT_TARGET = 11.2;
				MTL_ENABLE_DEBUG_INFO = YES;
				ONLY_ACTIVE_ARCH = YES;
				SDKROOT = iphoneos;
			};
			name = Debug;
		};
		D54E6D9420B7A828004B2DE1 /* Release */ = {
			isa = XCBuildConfiguration;
			buildSettings = {
				ALWAYS_SEARCH_USER_PATHS = NO;
				CLANG_ANALYZER_NONNULL = YES;
				CLANG_ANALYZER_NUMBER_OBJECT_CONVERSION = YES_AGGRESSIVE;
				CLANG_CXX_LANGUAGE_STANDARD = "gnu++14";
				CLANG_CXX_LIBRARY = "libc++";
				CLANG_ENABLE_MODULES = YES;
				CLANG_ENABLE_OBJC_ARC = YES;
				CLANG_WARN_BLOCK_CAPTURE_AUTORELEASING = YES;
				CLANG_WARN_BOOL_CONVERSION = YES;
				CLANG_WARN_COMMA = YES;
				CLANG_WARN_CONSTANT_CONVERSION = YES;
				CLANG_WARN_DIRECT_OBJC_ISA_USAGE = YES_ERROR;
				CLANG_WARN_DOCUMENTATION_COMMENTS = YES;
				CLANG_WARN_EMPTY_BODY = YES;
				CLANG_WARN_ENUM_CONVERSION = YES;
				CLANG_WARN_INFINITE_RECURSION = YES;
				CLANG_WARN_INT_CONVERSION = YES;
				CLANG_WARN_NON_LITERAL_NULL_CONVERSION = YES;
				CLANG_WARN_OBJC_LITERAL_CONVERSION = YES;
				CLANG_WARN_OBJC_ROOT_CLASS = YES_ERROR;
				CLANG_WARN_RANGE_LOOP_ANALYSIS = YES;
				CLANG_WARN_STRICT_PROTOTYPES = YES;
				CLANG_WARN_SUSPICIOUS_MOVE = YES;
				CLANG_WARN_UNGUARDED_AVAILABILITY = YES_AGGRESSIVE;
				CLANG_WARN_UNREACHABLE_CODE = YES;
				CLANG_WARN__DUPLICATE_METHOD_MATCH = YES;
				CODE_SIGN_IDENTITY = "iPhone Developer";
				COPY_PHASE_STRIP = NO;
				DEBUG_INFORMATION_FORMAT = "dwarf-with-dsym";
				ENABLE_NS_ASSERTIONS = NO;
				ENABLE_STRICT_OBJC_MSGSEND = YES;
				GCC_C_LANGUAGE_STANDARD = gnu11;
				GCC_NO_COMMON_BLOCKS = YES;
				GCC_WARN_64_TO_32_BIT_CONVERSION = YES;
				GCC_WARN_ABOUT_RETURN_TYPE = YES_ERROR;
				GCC_WARN_UNDECLARED_SELECTOR = YES;
				GCC_WARN_UNINITIALIZED_AUTOS = YES_AGGRESSIVE;
				GCC_WARN_UNUSED_FUNCTION = YES;
				GCC_WARN_UNUSED_VARIABLE = YES;
				IPHONEOS_DEPLOYMENT_TARGET = 11.2;
				MTL_ENABLE_DEBUG_INFO = NO;
				SDKROOT = iphoneos;
				VALIDATE_PRODUCT = YES;
			};
			name = Release;
		};
		D54E6D9620B7A828004B2DE1 /* Debug */ = {
			isa = XCBuildConfiguration;
			buildSettings = {
				ASSETCATALOG_COMPILER_APPICON_NAME = AppIcon;
				CODE_SIGN_STYLE = Automatic;
				DEVELOPMENT_TEAM = 9KTNHF45DM;
				INFOPLIST_FILE = CF/Info.plist;
				LD_RUNPATH_SEARCH_PATHS = "$(inherited) @executable_path/Frameworks";
				PRODUCT_BUNDLE_IDENTIFIER = com.vipkid.pbmodels.CF;
				PRODUCT_NAME = "$(TARGET_NAME)";
				TARGETED_DEVICE_FAMILY = "1,2";
			};
			name = Debug;
		};
		D54E6D9720B7A828004B2DE1 /* Release */ = {
			isa = XCBuildConfiguration;
			buildSettings = {
				ASSETCATALOG_COMPILER_APPICON_NAME = AppIcon;
				CODE_SIGN_STYLE = Automatic;
				DEVELOPMENT_TEAM = 9KTNHF45DM;
				INFOPLIST_FILE = CF/Info.plist;
				LD_RUNPATH_SEARCH_PATHS = "$(inherited) @executable_path/Frameworks";
				PRODUCT_BUNDLE_IDENTIFIER = com.vipkid.pbmodels.CF;
				PRODUCT_NAME = "$(TARGET_NAME)";
				TARGETED_DEVICE_FAMILY = "1,2";
			};
			name = Release;
		};
		D54E6D9920B7A828004B2DE1 /* Debug */ = {
			isa = XCBuildConfiguration;
			buildSettings = {
				BUNDLE_LOADER = "$(TEST_HOST)";
				CODE_SIGN_STYLE = Automatic;
				DEVELOPMENT_TEAM = 9KTNHF45DM;
				INFOPLIST_FILE = CFTests/Info.plist;
				LD_RUNPATH_SEARCH_PATHS = "$(inherited) @executable_path/Frameworks @loader_path/Frameworks";
				PRODUCT_BUNDLE_IDENTIFIER = com.vipkid.pbmodels.CFTests;
				PRODUCT_NAME = "$(TARGET_NAME)";
				TARGETED_DEVICE_FAMILY = "1,2";
				TEST_HOST = "$(BUILT_PRODUCTS_DIR)/CF.app/CF";
			};
			name = Debug;
		};
		D54E6D9A20B7A828004B2DE1 /* Release */ = {
			isa = XCBuildConfiguration;
			buildSettings = {
				BUNDLE_LOADER = "$(TEST_HOST)";
				CODE_SIGN_STYLE = Automatic;
				DEVELOPMENT_TEAM = 9KTNHF45DM;
				INFOPLIST_FILE = CFTests/Info.plist;
				LD_RUNPATH_SEARCH_PATHS = "$(inherited) @executable_path/Frameworks @loader_path/Frameworks";
				PRODUCT_BUNDLE_IDENTIFIER = com.vipkid.pbmodels.CFTests;
				PRODUCT_NAME = "$(TARGET_NAME)";
				TARGETED_DEVICE_FAMILY = "1,2";
				TEST_HOST = "$(BUILT_PRODUCTS_DIR)/CF.app/CF";
			};
			name = Release;
		};
		D54E6D9C20B7A828004B2DE1 /* Debug */ = {
			isa = XCBuildConfiguration;
			buildSettings = {
				CODE_SIGN_STYLE = Automatic;
				DEVELOPMENT_TEAM = 9KTNHF45DM;
				INFOPLIST_FILE = CFUITests/Info.plist;
				LD_RUNPATH_SEARCH_PATHS = "$(inherited) @executable_path/Frameworks @loader_path/Frameworks";
				PRODUCT_BUNDLE_IDENTIFIER = com.vipkid.pbmodels.CFUITests;
				PRODUCT_NAME = "$(TARGET_NAME)";
				TARGETED_DEVICE_FAMILY = "1,2";
				TEST_TARGET_NAME = CF;
			};
			name = Debug;
		};
		D54E6D9D20B7A828004B2DE1 /* Release */ = {
			isa = XCBuildConfiguration;
			buildSettings = {
				CODE_SIGN_STYLE = Automatic;
				DEVELOPMENT_TEAM = 9KTNHF45DM;
				INFOPLIST_FILE = CFUITests/Info.plist;
				LD_RUNPATH_SEARCH_PATHS = "$(inherited) @executable_path/Frameworks @loader_path/Frameworks";
				PRODUCT_BUNDLE_IDENTIFIER = com.vipkid.pbmodels.CFUITests;
				PRODUCT_NAME = "$(TARGET_NAME)";
				TARGETED_DEVICE_FAMILY = "1,2";
				TEST_TARGET_NAME = CF;
			};
			name = Release;
		};
/* End XCBuildConfiguration section */

/* Begin XCConfigurationList section */
		D54E6D6420B7A826004B2DE1 /* Build configuration list for PBXProject "CF" */ = {
			isa = XCConfigurationList;
			buildConfigurations = (
				D54E6D9320B7A828004B2DE1 /* Debug */,
				D54E6D9420B7A828004B2DE1 /* Release */,
			);
			defaultConfigurationIsVisible = 0;
			defaultConfigurationName = Release;
		};
		D54E6D9520B7A828004B2DE1 /* Build configuration list for PBXNativeTarget "CF" */ = {
			isa = XCConfigurationList;
			buildConfigurations = (
				D54E6D9620B7A828004B2DE1 /* Debug */,
				D54E6D9720B7A828004B2DE1 /* Release */,
			);
			defaultConfigurationIsVisible = 0;
			defaultConfigurationName = Release;
		};
		D54E6D9820B7A828004B2DE1 /* Build configuration list for PBXNativeTarget "CFTests" */ = {
			isa = XCConfigurationList;
			buildConfigurations = (
				D54E6D9920B7A828004B2DE1 /* Debug */,
				D54E6D9A20B7A828004B2DE1 /* Release */,
			);
			defaultConfigurationIsVisible = 0;
			defaultConfigurationName = Release;
		};
		D54E6D9B20B7A828004B2DE1 /* Build configuration list for PBXNativeTarget "CFUITests" */ = {
			isa = XCConfigurationList;
			buildConfigurations = (
				D54E6D9C20B7A828004B2DE1 /* Debug */,
				D54E6D9D20B7A828004B2DE1 /* Release */,
			);
			defaultConfigurationIsVisible = 0;
			defaultConfigurationName = Release;
		};
/* End XCConfigurationList section */
	};
	rootObject = D54E6D6120B7A826004B2DE1 /* Project object */;
}
